// !$*UTF8*$!
{
	archiveVersion = 1;
	classes = {
	};
	objectVersion = 48;
	objects = {

/* Begin PBXBuildFile section */
		324C841B206E289C00C19329 /* NewWordViewController.swift in Sources */ = {isa = PBXBuildFile; fileRef = 324C841A206E289C00C19329 /* NewWordViewController.swift */; };
		324C841F206E395900C19329 /* NewWordCell.swift in Sources */ = {isa = PBXBuildFile; fileRef = 324C841E206E395900C19329 /* NewWordCell.swift */; };
		32A0735F205BBFA500415A97 /* AppDelegate.swift in Sources */ = {isa = PBXBuildFile; fileRef = 32A0735E205BBFA500415A97 /* AppDelegate.swift */; };
		32A07361205BBFA500415A97 /* MainViewController.swift in Sources */ = {isa = PBXBuildFile; fileRef = 32A07360205BBFA500415A97 /* MainViewController.swift */; };
		32A07364205BBFA500415A97 /* Main.storyboard in Resources */ = {isa = PBXBuildFile; fileRef = 32A07362205BBFA500415A97 /* Main.storyboard */; };
		32A07367205BBFA500415A97 /* learnwords.xcdatamodeld in Sources */ = {isa = PBXBuildFile; fileRef = 32A07365205BBFA500415A97 /* learnwords.xcdatamodeld */; };
		32A07369205BBFA500415A97 /* Assets.xcassets in Resources */ = {isa = PBXBuildFile; fileRef = 32A07368205BBFA500415A97 /* Assets.xcassets */; };
		32A0736C205BBFA500415A97 /* LaunchScreen.storyboard in Resources */ = {isa = PBXBuildFile; fileRef = 32A0736A205BBFA500415A97 /* LaunchScreen.storyboard */; };
		D18B9A1205C44873352A2531 /* Pods_learnwords.framework in Frameworks */ = {isa = PBXBuildFile; fileRef = E3CB232BFE61927E5B158267 /* Pods_learnwords.framework */; };
		E2010BCE21CD9154006D9DD7 /* RecordButton.swift in Sources */ = {isa = PBXBuildFile; fileRef = E2010BCD21CD9154006D9DD7 /* RecordButton.swift */; };
		E2010BD321CF118A006D9DD7 /* FillDb.swift in Sources */ = {isa = PBXBuildFile; fileRef = E2010BD221CF118A006D9DD7 /* FillDb.swift */; };
		E22EBF5A2242EBEA0019A36E /* WordHistory+CoreDataClass.swift in Sources */ = {isa = PBXBuildFile; fileRef = E22EBF582242EBEA0019A36E /* WordHistory+CoreDataClass.swift */; };
		E238686322269AD0000DEEC8 /* KnownLanguageViewController.swift in Sources */ = {isa = PBXBuildFile; fileRef = E238686222269AD0000DEEC8 /* KnownLanguageViewController.swift */; };
		E238686522269AE3000DEEC8 /* LearningLanguageViewController.swift in Sources */ = {isa = PBXBuildFile; fileRef = E238686422269AE3000DEEC8 /* LearningLanguageViewController.swift */; };
		E238686722269C69000DEEC8 /* BaseSetViewController.swift in Sources */ = {isa = PBXBuildFile; fileRef = E238686622269C69000DEEC8 /* BaseSetViewController.swift */; };
		E23B6DDD21A55224000FAAEE /* LanguageSetViewController.swift in Sources */ = {isa = PBXBuildFile; fileRef = E23B6DDC21A55224000FAAEE /* LanguageSetViewController.swift */; };
		E23B6DDF21A58881000FAAEE /* StatisticsViewController.swift in Sources */ = {isa = PBXBuildFile; fileRef = E23B6DDE21A58881000FAAEE /* StatisticsViewController.swift */; };
		E23B6DE121A58C3A000FAAEE /* StatisticsCell.swift in Sources */ = {isa = PBXBuildFile; fileRef = E23B6DE021A58C3A000FAAEE /* StatisticsCell.swift */; };
		E23B6DE421A5A2FE000FAAEE /* polishgermantop1000.txt in Resources */ = {isa = PBXBuildFile; fileRef = E23B6DE221A5A2FD000FAAEE /* polishgermantop1000.txt */; };
		E23B6DE521A5A2FE000FAAEE /* germanpolishtop1000.txt in Resources */ = {isa = PBXBuildFile; fileRef = E23B6DE321A5A2FE000FAAEE /* germanpolishtop1000.txt */; };
		E241946722D9EF4C00341DE5 /* MainViewController+SpeechRecognition.swift in Sources */ = {isa = PBXBuildFile; fileRef = E241946622D9EF4C00341DE5 /* MainViewController+SpeechRecognition.swift */; };
		E241946922D9F0B500341DE5 /* MainViewController+IBActions.swift in Sources */ = {isa = PBXBuildFile; fileRef = E241946822D9F0B500341DE5 /* MainViewController+IBActions.swift */; };
		E241946B22D9F20F00341DE5 /* MainViewController+WordsLogic.swift in Sources */ = {isa = PBXBuildFile; fileRef = E241946A22D9F20F00341DE5 /* MainViewController+WordsLogic.swift */; };
		E24391F52103673E00EDE25F /* UIImageView+Extension.swift in Sources */ = {isa = PBXBuildFile; fileRef = E24391F42103673E00EDE25F /* UIImageView+Extension.swift */; };
		E2505A5B20F6B6D700F70E49 /* germanenglishtop1000.txt in Resources */ = {isa = PBXBuildFile; fileRef = E2505A5A20F6B6D700F70E49 /* germanenglishtop1000.txt */; };
		E25853B521B9D28E007DE2BB /* UIView+Extension.swift in Sources */ = {isa = PBXBuildFile; fileRef = E25853B421B9D28E007DE2BB /* UIView+Extension.swift */; };
		E259C30D21D1BEA2005FFB50 /* KeyboardBoundView.swift in Sources */ = {isa = PBXBuildFile; fileRef = E259C30C21D1BEA2005FFB50 /* KeyboardBoundView.swift */; };
		E25DD69F21D8349F0099D543 /* SettingsCell.swift in Sources */ = {isa = PBXBuildFile; fileRef = E25DD69E21D8349F0099D543 /* SettingsCell.swift */; };
		E25DD6A121D84A690099D543 /* SetsCell.swift in Sources */ = {isa = PBXBuildFile; fileRef = E25DD6A021D84A690099D543 /* SetsCell.swift */; };
		E28856602206422800DD8C22 /* NewSetViewController.swift in Sources */ = {isa = PBXBuildFile; fileRef = E288565F2206422800DD8C22 /* NewSetViewController.swift */; };
		E28856622206455600DD8C22 /* NewSetCell.swift in Sources */ = {isa = PBXBuildFile; fileRef = E28856612206455600DD8C22 /* NewSetCell.swift */; };
		E28856B4220668CF00DD8C22 /* Array+Extensions.swift in Sources */ = {isa = PBXBuildFile; fileRef = E2885665220668CF00DD8C22 /* Array+Extensions.swift */; };
		E28856B5220668CF00DD8C22 /* UISegmentedControl+Extensions.swift in Sources */ = {isa = PBXBuildFile; fileRef = E2885666220668CF00DD8C22 /* UISegmentedControl+Extensions.swift */; };
		E28856B6220668CF00DD8C22 /* UIImageView+Extensions.swift in Sources */ = {isa = PBXBuildFile; fileRef = E2885667220668CF00DD8C22 /* UIImageView+Extensions.swift */; };
		E28856B7220668CF00DD8C22 /* UIViewController+Extensions.swift in Sources */ = {isa = PBXBuildFile; fileRef = E2885668220668CF00DD8C22 /* UIViewController+Extensions.swift */; };
		E28856B8220668CF00DD8C22 /* UIView+Extensions.swift in Sources */ = {isa = PBXBuildFile; fileRef = E2885669220668CF00DD8C22 /* UIView+Extensions.swift */; };
		E28856B9220668CF00DD8C22 /* Date+Extension.swift in Sources */ = {isa = PBXBuildFile; fileRef = E288566A220668CF00DD8C22 /* Date+Extension.swift */; };
		E28856BA220668CF00DD8C22 /* String+Extensions.swift in Sources */ = {isa = PBXBuildFile; fileRef = E288566B220668CF00DD8C22 /* String+Extensions.swift */; };
		E28856BB220668CF00DD8C22 /* UITextView+Extensions.swift in Sources */ = {isa = PBXBuildFile; fileRef = E288566C220668CF00DD8C22 /* UITextView+Extensions.swift */; };
		E28856BC220668CF00DD8C22 /* UIColor+Extensions.swift in Sources */ = {isa = PBXBuildFile; fileRef = E288566D220668CF00DD8C22 /* UIColor+Extensions.swift */; };
		E28856BD220668CF00DD8C22 /* UIImage+Extensions.swift in Sources */ = {isa = PBXBuildFile; fileRef = E288566E220668CF00DD8C22 /* UIImage+Extensions.swift */; };
		E28856BE220668CF00DD8C22 /* UISearchBar+Extensions.swift in Sources */ = {isa = PBXBuildFile; fileRef = E288566F220668CF00DD8C22 /* UISearchBar+Extensions.swift */; };
		E28856BF220668CF00DD8C22 /* UIApplication+Extensions.swift in Sources */ = {isa = PBXBuildFile; fileRef = E2885670220668CF00DD8C22 /* UIApplication+Extensions.swift */; };
		E28856C0220668CF00DD8C22 /* UIAlertController+Extensions.swift in Sources */ = {isa = PBXBuildFile; fileRef = E2885671220668CF00DD8C22 /* UIAlertController+Extensions.swift */; };
		E28856C1220668CF00DD8C22 /* Optional+Extensions.swift in Sources */ = {isa = PBXBuildFile; fileRef = E2885672220668CF00DD8C22 /* Optional+Extensions.swift */; };
		E28856C2220668CF00DD8C22 /* Common+Extensions.swift in Sources */ = {isa = PBXBuildFile; fileRef = E2885673220668CF00DD8C22 /* Common+Extensions.swift */; };
		E28856C3220668CF00DD8C22 /* Locale+Extensions.swift in Sources */ = {isa = PBXBuildFile; fileRef = E2885674220668CF00DD8C22 /* Locale+Extensions.swift */; };
		E28856C4220668CF00DD8C22 /* UITextField+Extensions.swift in Sources */ = {isa = PBXBuildFile; fileRef = E2885675220668CF00DD8C22 /* UITextField+Extensions.swift */; };
		E28856C5220668CF00DD8C22 /* AttributedTextBlock.swift in Sources */ = {isa = PBXBuildFile; fileRef = E2885678220668CF00DD8C22 /* AttributedTextBlock.swift */; };
		E28856C6220668CF00DD8C22 /* TextViewController.swift in Sources */ = {isa = PBXBuildFile; fileRef = E2885679220668CF00DD8C22 /* TextViewController.swift */; };
		E28856C7220668CF00DD8C22 /* Countries.bundle in Resources */ = {isa = PBXBuildFile; fileRef = E288567C220668CF00DD8C22 /* Countries.bundle */; };
		E28856C8220668CF00DD8C22 /* LocaleStore.swift in Sources */ = {isa = PBXBuildFile; fileRef = E288567E220668CF00DD8C22 /* LocaleStore.swift */; };
		E28856C9220668CF00DD8C22 /* LocaleInfo.swift in Sources */ = {isa = PBXBuildFile; fileRef = E2885680220668CF00DD8C22 /* LocaleInfo.swift */; };
		E28856CA220668CF00DD8C22 /* LocalePickerViewController.swift in Sources */ = {isa = PBXBuildFile; fileRef = E2885681220668CF00DD8C22 /* LocalePickerViewController.swift */; };
		E28856CB220668CF00DD8C22 /* PhoneCodeCell.swift in Sources */ = {isa = PBXBuildFile; fileRef = E2885683220668CF00DD8C22 /* PhoneCodeCell.swift */; };
		E28856CC220668CF00DD8C22 /* CurrencyCell.swift in Sources */ = {isa = PBXBuildFile; fileRef = E2885684220668CF00DD8C22 /* CurrencyCell.swift */; };
		E28856CD220668CF00DD8C22 /* CountryCell.swift in Sources */ = {isa = PBXBuildFile; fileRef = E2885685220668CF00DD8C22 /* CountryCell.swift */; };
		E28856CE220668CF00DD8C22 /* TwoTextFieldsViewController.swift in Sources */ = {isa = PBXBuildFile; fileRef = E2885687220668CF00DD8C22 /* TwoTextFieldsViewController.swift */; };
		E28856CF220668CF00DD8C22 /* OneTextFieldViewController.swift in Sources */ = {isa = PBXBuildFile; fileRef = E2885688220668CF00DD8C22 /* OneTextFieldViewController.swift */; };
		E28856D0220668CF00DD8C22 /* Assets.swift in Sources */ = {isa = PBXBuildFile; fileRef = E288568B220668CF00DD8C22 /* Assets.swift */; };
		E28856D1220668CF00DD8C22 /* PhotoLibraryPickerViewController.swift in Sources */ = {isa = PBXBuildFile; fileRef = E288568C220668CF00DD8C22 /* PhotoLibraryPickerViewController.swift */; };
		E28856D2220668CF00DD8C22 /* LocationSearchResultsViewController.swift in Sources */ = {isa = PBXBuildFile; fileRef = E288568E220668CF00DD8C22 /* LocationSearchResultsViewController.swift */; };
		E28856D3220668CF00DD8C22 /* LocationPickerViewController.swift in Sources */ = {isa = PBXBuildFile; fileRef = E288568F220668CF00DD8C22 /* LocationPickerViewController.swift */; };
		E28856D4220668CF00DD8C22 /* SearchHistoryManager.swift in Sources */ = {isa = PBXBuildFile; fileRef = E2885691220668CF00DD8C22 /* SearchHistoryManager.swift */; };
		E28856D5220668CF00DD8C22 /* Location.swift in Sources */ = {isa = PBXBuildFile; fileRef = E2885693220668CF00DD8C22 /* Location.swift */; };
		E28856D6220668CF00DD8C22 /* Address.swift in Sources */ = {isa = PBXBuildFile; fileRef = E2885694220668CF00DD8C22 /* Address.swift */; };
		E28856D7220668CF00DD8C22 /* PickerViewViewController.swift in Sources */ = {isa = PBXBuildFile; fileRef = E2885696220668CF00DD8C22 /* PickerViewViewController.swift */; };
		E28856D8220668CF00DD8C22 /* ContactsPickerViewController.swift in Sources */ = {isa = PBXBuildFile; fileRef = E2885698220668CF00DD8C22 /* ContactsPickerViewController.swift */; };
		E28856D9220668CF00DD8C22 /* Contacts.swift in Sources */ = {isa = PBXBuildFile; fileRef = E288569A220668CF00DD8C22 /* Contacts.swift */; };
		E28856DA220668CF00DD8C22 /* Contact.swift in Sources */ = {isa = PBXBuildFile; fileRef = E288569C220668CF00DD8C22 /* Contact.swift */; };
		E28856DB220668CF00DD8C22 /* ContactCell.swift in Sources */ = {isa = PBXBuildFile; fileRef = E288569E220668CF00DD8C22 /* ContactCell.swift */; };
		E28856DC220668CF00DD8C22 /* ColorPickerViewController.swift in Sources */ = {isa = PBXBuildFile; fileRef = E28856A0220668CF00DD8C22 /* ColorPickerViewController.swift */; };
		E28856DD220668CF00DD8C22 /* DatePickerViewController.swift in Sources */ = {isa = PBXBuildFile; fileRef = E28856A2220668CF00DD8C22 /* DatePickerViewController.swift */; };
		E28856DE220668CF00DD8C22 /* ImagePickerViewController.swift in Sources */ = {isa = PBXBuildFile; fileRef = E28856A4220668CF00DD8C22 /* ImagePickerViewController.swift */; };
		E28856DF220668CF00DD8C22 /* ItemWithImage.swift in Sources */ = {isa = PBXBuildFile; fileRef = E28856A6220668CF00DD8C22 /* ItemWithImage.swift */; };
		E28856E0220668CF00DD8C22 /* PhotoLayout.swift in Sources */ = {isa = PBXBuildFile; fileRef = E28856A9220668CF00DD8C22 /* PhotoLayout.swift */; };
		E28856E1220668CF00DD8C22 /* TelegramPickerViewController.swift in Sources */ = {isa = PBXBuildFile; fileRef = E28856AA220668CF00DD8C22 /* TelegramPickerViewController.swift */; };
		E28856E2220668CF00DD8C22 /* ItemWithPhoto.swift in Sources */ = {isa = PBXBuildFile; fileRef = E28856AC220668CF00DD8C22 /* ItemWithPhoto.swift */; };
		E28856E3220668CF00DD8C22 /* LikeButtonCell.swift in Sources */ = {isa = PBXBuildFile; fileRef = E28856AD220668CF00DD8C22 /* LikeButtonCell.swift */; };
		E28856E4220668CF00DD8C22 /* Label.swift in Sources */ = {isa = PBXBuildFile; fileRef = E28856AF220668CF00DD8C22 /* Label.swift */; };
		E28856E5220668CF00DD8C22 /* SegmentedControl.swift in Sources */ = {isa = PBXBuildFile; fileRef = E28856B0220668CF00DD8C22 /* SegmentedControl.swift */; };
		E28856E6220668CF00DD8C22 /* GradientSlider.swift in Sources */ = {isa = PBXBuildFile; fileRef = E28856B1220668CF00DD8C22 /* GradientSlider.swift */; };
		E28856E7220668CF00DD8C22 /* TextField.swift in Sources */ = {isa = PBXBuildFile; fileRef = E28856B2220668CF00DD8C22 /* TextField.swift */; };
		E28856E8220668CF00DD8C22 /* Button.swift in Sources */ = {isa = PBXBuildFile; fileRef = E28856B3220668CF00DD8C22 /* Button.swift */; };
		E28856EA220721F600DD8C22 /* WordsListViewController.swift in Sources */ = {isa = PBXBuildFile; fileRef = E28856E9220721F600DD8C22 /* WordsListViewController.swift */; };
		E28856EC220723E100DD8C22 /* WordsListTableViewCell.swift in Sources */ = {isa = PBXBuildFile; fileRef = E28856EB220723E100DD8C22 /* WordsListTableViewCell.swift */; };
		E291CCA1206D701E001AD3B1 /* SettingsViewController.swift in Sources */ = {isa = PBXBuildFile; fileRef = E291CCA0206D701E001AD3B1 /* SettingsViewController.swift */; };
		E2A5A9B72250F2DF00C257E0 /* String+Extension.swift in Sources */ = {isa = PBXBuildFile; fileRef = E2A5A9B62250F2DF00C257E0 /* String+Extension.swift */; };
		E2A5A9C02250F78800C257E0 /* Localizations.swift in Sources */ = {isa = PBXBuildFile; fileRef = E2A5A9BC2250F78800C257E0 /* Localizations.swift */; };
		E2A5A9C12250F78800C257E0 /* Localizable.strings in Resources */ = {isa = PBXBuildFile; fileRef = E2A5A9BD2250F78800C257E0 /* Localizable.strings */; };
		E2A5A9CA22510B2700C257E0 /* StoreViewController.swift in Sources */ = {isa = PBXBuildFile; fileRef = E2A5A9C922510B2700C257E0 /* StoreViewController.swift */; };
		E2E181A321A42DB5001359F8 /* frenchenglishtop1000.txt in Resources */ = {isa = PBXBuildFile; fileRef = E2E181A221A42DB5001359F8 /* frenchenglishtop1000.txt */; };
		E2E181AA21A42E43001359F8 /* LanguageSet+CoreDataClass.swift in Sources */ = {isa = PBXBuildFile; fileRef = E2E181A421A42E43001359F8 /* LanguageSet+CoreDataClass.swift */; };
		E2E181AC21A42E43001359F8 /* Word+CoreDataClass.swift in Sources */ = {isa = PBXBuildFile; fileRef = E2E181A621A42E43001359F8 /* Word+CoreDataClass.swift */; };
		E2E181AE21A42E43001359F8 /* User+CoreDataClass.swift in Sources */ = {isa = PBXBuildFile; fileRef = E2E181A821A42E43001359F8 /* User+CoreDataClass.swift */; };
		E2EC61F8206FCD2600317AA2 /* BaseViewController.swift in Sources */ = {isa = PBXBuildFile; fileRef = E2EC61F7206FCD2600317AA2 /* BaseViewController.swift */; };
/* End PBXBuildFile section */

/* Begin PBXFileReference section */
		324C841A206E289C00C19329 /* NewWordViewController.swift */ = {isa = PBXFileReference; lastKnownFileType = sourcecode.swift; path = NewWordViewController.swift; sourceTree = "<group>"; };
		324C841E206E395900C19329 /* NewWordCell.swift */ = {isa = PBXFileReference; lastKnownFileType = sourcecode.swift; path = NewWordCell.swift; sourceTree = "<group>"; };
		32A0735B205BBFA500415A97 /* learnwords.app */ = {isa = PBXFileReference; explicitFileType = wrapper.application; includeInIndex = 0; path = learnwords.app; sourceTree = BUILT_PRODUCTS_DIR; };
		32A0735E205BBFA500415A97 /* AppDelegate.swift */ = {isa = PBXFileReference; lastKnownFileType = sourcecode.swift; path = AppDelegate.swift; sourceTree = "<group>"; };
		32A07360205BBFA500415A97 /* MainViewController.swift */ = {isa = PBXFileReference; lastKnownFileType = sourcecode.swift; path = MainViewController.swift; sourceTree = "<group>"; };
		32A07363205BBFA500415A97 /* Base */ = {isa = PBXFileReference; lastKnownFileType = file.storyboard; name = Base; path = Base.lproj/Main.storyboard; sourceTree = "<group>"; };
		32A07366205BBFA500415A97 /* learnwords.xcdatamodel */ = {isa = PBXFileReference; lastKnownFileType = wrapper.xcdatamodel; path = learnwords.xcdatamodel; sourceTree = "<group>"; };
		32A07368205BBFA500415A97 /* Assets.xcassets */ = {isa = PBXFileReference; lastKnownFileType = folder.assetcatalog; path = Assets.xcassets; sourceTree = "<group>"; };
		32A0736B205BBFA500415A97 /* Base */ = {isa = PBXFileReference; lastKnownFileType = file.storyboard; name = Base; path = Base.lproj/LaunchScreen.storyboard; sourceTree = "<group>"; };
		32A0736D205BBFA500415A97 /* Info.plist */ = {isa = PBXFileReference; lastKnownFileType = text.plist.xml; path = Info.plist; sourceTree = "<group>"; };
		681C92A3F231C14B81EA1AF9 /* Pods-learnwords.debug.xcconfig */ = {isa = PBXFileReference; includeInIndex = 1; lastKnownFileType = text.xcconfig; name = "Pods-learnwords.debug.xcconfig"; path = "Target Support Files/Pods-learnwords/Pods-learnwords.debug.xcconfig"; sourceTree = "<group>"; };
		ABDE6CEBB4A42781E69649C6 /* Pods-learnwords.release.xcconfig */ = {isa = PBXFileReference; includeInIndex = 1; lastKnownFileType = text.xcconfig; name = "Pods-learnwords.release.xcconfig"; path = "Target Support Files/Pods-learnwords/Pods-learnwords.release.xcconfig"; sourceTree = "<group>"; };
		E2010BCD21CD9154006D9DD7 /* RecordButton.swift */ = {isa = PBXFileReference; lastKnownFileType = sourcecode.swift; path = RecordButton.swift; sourceTree = "<group>"; };
		E2010BD221CF118A006D9DD7 /* FillDb.swift */ = {isa = PBXFileReference; lastKnownFileType = sourcecode.swift; path = FillDb.swift; sourceTree = "<group>"; };
		E22EBF572242EB560019A36E /* learnwords 1.6.xcdatamodel */ = {isa = PBXFileReference; lastKnownFileType = wrapper.xcdatamodel; path = "learnwords 1.6.xcdatamodel"; sourceTree = "<group>"; };
		E22EBF582242EBEA0019A36E /* WordHistory+CoreDataClass.swift */ = {isa = PBXFileReference; lastKnownFileType = sourcecode.swift; path = "WordHistory+CoreDataClass.swift"; sourceTree = "<group>"; };
		E233634722157EDC0079F2ED /* learnwords 1.4.xcdatamodel */ = {isa = PBXFileReference; lastKnownFileType = wrapper.xcdatamodel; path = "learnwords 1.4.xcdatamodel"; sourceTree = "<group>"; };
		E238686222269AD0000DEEC8 /* KnownLanguageViewController.swift */ = {isa = PBXFileReference; lastKnownFileType = sourcecode.swift; path = KnownLanguageViewController.swift; sourceTree = "<group>"; };
		E238686422269AE3000DEEC8 /* LearningLanguageViewController.swift */ = {isa = PBXFileReference; lastKnownFileType = sourcecode.swift; path = LearningLanguageViewController.swift; sourceTree = "<group>"; };
		E238686622269C69000DEEC8 /* BaseSetViewController.swift */ = {isa = PBXFileReference; lastKnownFileType = sourcecode.swift; path = BaseSetViewController.swift; sourceTree = "<group>"; };
		E23868682226A835000DEEC8 /* learnwords 1.5.xcdatamodel */ = {isa = PBXFileReference; lastKnownFileType = wrapper.xcdatamodel; path = "learnwords 1.5.xcdatamodel"; sourceTree = "<group>"; };
		E23B6DDC21A55224000FAAEE /* LanguageSetViewController.swift */ = {isa = PBXFileReference; lastKnownFileType = sourcecode.swift; path = LanguageSetViewController.swift; sourceTree = "<group>"; };
		E23B6DDE21A58881000FAAEE /* StatisticsViewController.swift */ = {isa = PBXFileReference; lastKnownFileType = sourcecode.swift; path = StatisticsViewController.swift; sourceTree = "<group>"; };
		E23B6DE021A58C3A000FAAEE /* StatisticsCell.swift */ = {isa = PBXFileReference; lastKnownFileType = sourcecode.swift; path = StatisticsCell.swift; sourceTree = "<group>"; };
		E23B6DE221A5A2FD000FAAEE /* polishgermantop1000.txt */ = {isa = PBXFileReference; fileEncoding = 4; lastKnownFileType = text; path = polishgermantop1000.txt; sourceTree = "<group>"; };
		E23B6DE321A5A2FE000FAAEE /* germanpolishtop1000.txt */ = {isa = PBXFileReference; fileEncoding = 4; lastKnownFileType = text; path = germanpolishtop1000.txt; sourceTree = "<group>"; };
		E241946622D9EF4C00341DE5 /* MainViewController+SpeechRecognition.swift */ = {isa = PBXFileReference; lastKnownFileType = sourcecode.swift; path = "MainViewController+SpeechRecognition.swift"; sourceTree = "<group>"; };
		E241946822D9F0B500341DE5 /* MainViewController+IBActions.swift */ = {isa = PBXFileReference; lastKnownFileType = sourcecode.swift; path = "MainViewController+IBActions.swift"; sourceTree = "<group>"; };
		E241946A22D9F20F00341DE5 /* MainViewController+WordsLogic.swift */ = {isa = PBXFileReference; lastKnownFileType = sourcecode.swift; path = "MainViewController+WordsLogic.swift"; sourceTree = "<group>"; };
		E24391F42103673E00EDE25F /* UIImageView+Extension.swift */ = {isa = PBXFileReference; lastKnownFileType = sourcecode.swift; path = "UIImageView+Extension.swift"; sourceTree = "<group>"; };
		E2505A5A20F6B6D700F70E49 /* germanenglishtop1000.txt */ = {isa = PBXFileReference; fileEncoding = 4; lastKnownFileType = text; path = germanenglishtop1000.txt; sourceTree = "<group>"; };
		E25853B421B9D28E007DE2BB /* UIView+Extension.swift */ = {isa = PBXFileReference; lastKnownFileType = sourcecode.swift; path = "UIView+Extension.swift"; sourceTree = "<group>"; };
		E259C30C21D1BEA2005FFB50 /* KeyboardBoundView.swift */ = {isa = PBXFileReference; fileEncoding = 4; lastKnownFileType = sourcecode.swift; path = KeyboardBoundView.swift; sourceTree = "<group>"; };
		E25DD69E21D8349F0099D543 /* SettingsCell.swift */ = {isa = PBXFileReference; lastKnownFileType = sourcecode.swift; path = SettingsCell.swift; sourceTree = "<group>"; };
		E25DD6A021D84A690099D543 /* SetsCell.swift */ = {isa = PBXFileReference; lastKnownFileType = sourcecode.swift; path = SetsCell.swift; sourceTree = "<group>"; };
		E25DD6A221D84C5B0099D543 /* learnwords 1.2.xcdatamodel */ = {isa = PBXFileReference; lastKnownFileType = wrapper.xcdatamodel; path = "learnwords 1.2.xcdatamodel"; sourceTree = "<group>"; };
		E26BD4A42207685500D683CE /* learnwords 1.3.xcdatamodel */ = {isa = PBXFileReference; lastKnownFileType = wrapper.xcdatamodel; path = "learnwords 1.3.xcdatamodel"; sourceTree = "<group>"; };
		E288565F2206422800DD8C22 /* NewSetViewController.swift */ = {isa = PBXFileReference; lastKnownFileType = sourcecode.swift; path = NewSetViewController.swift; sourceTree = "<group>"; };
		E28856612206455600DD8C22 /* NewSetCell.swift */ = {isa = PBXFileReference; lastKnownFileType = sourcecode.swift; path = NewSetCell.swift; sourceTree = "<group>"; };
		E2885665220668CF00DD8C22 /* Array+Extensions.swift */ = {isa = PBXFileReference; fileEncoding = 4; lastKnownFileType = sourcecode.swift; path = "Array+Extensions.swift"; sourceTree = "<group>"; };
		E2885666220668CF00DD8C22 /* UISegmentedControl+Extensions.swift */ = {isa = PBXFileReference; fileEncoding = 4; lastKnownFileType = sourcecode.swift; path = "UISegmentedControl+Extensions.swift"; sourceTree = "<group>"; };
		E2885667220668CF00DD8C22 /* UIImageView+Extensions.swift */ = {isa = PBXFileReference; fileEncoding = 4; lastKnownFileType = sourcecode.swift; path = "UIImageView+Extensions.swift"; sourceTree = "<group>"; };
		E2885668220668CF00DD8C22 /* UIViewController+Extensions.swift */ = {isa = PBXFileReference; fileEncoding = 4; lastKnownFileType = sourcecode.swift; path = "UIViewController+Extensions.swift"; sourceTree = "<group>"; };
		E2885669220668CF00DD8C22 /* UIView+Extensions.swift */ = {isa = PBXFileReference; fileEncoding = 4; lastKnownFileType = sourcecode.swift; path = "UIView+Extensions.swift"; sourceTree = "<group>"; };
		E288566A220668CF00DD8C22 /* Date+Extension.swift */ = {isa = PBXFileReference; fileEncoding = 4; lastKnownFileType = sourcecode.swift; path = "Date+Extension.swift"; sourceTree = "<group>"; };
		E288566B220668CF00DD8C22 /* String+Extensions.swift */ = {isa = PBXFileReference; fileEncoding = 4; lastKnownFileType = sourcecode.swift; path = "String+Extensions.swift"; sourceTree = "<group>"; };
		E288566C220668CF00DD8C22 /* UITextView+Extensions.swift */ = {isa = PBXFileReference; fileEncoding = 4; lastKnownFileType = sourcecode.swift; path = "UITextView+Extensions.swift"; sourceTree = "<group>"; };
		E288566D220668CF00DD8C22 /* UIColor+Extensions.swift */ = {isa = PBXFileReference; fileEncoding = 4; lastKnownFileType = sourcecode.swift; path = "UIColor+Extensions.swift"; sourceTree = "<group>"; };
		E288566E220668CF00DD8C22 /* UIImage+Extensions.swift */ = {isa = PBXFileReference; fileEncoding = 4; lastKnownFileType = sourcecode.swift; path = "UIImage+Extensions.swift"; sourceTree = "<group>"; };
		E288566F220668CF00DD8C22 /* UISearchBar+Extensions.swift */ = {isa = PBXFileReference; fileEncoding = 4; lastKnownFileType = sourcecode.swift; path = "UISearchBar+Extensions.swift"; sourceTree = "<group>"; };
		E2885670220668CF00DD8C22 /* UIApplication+Extensions.swift */ = {isa = PBXFileReference; fileEncoding = 4; lastKnownFileType = sourcecode.swift; path = "UIApplication+Extensions.swift"; sourceTree = "<group>"; };
		E2885671220668CF00DD8C22 /* UIAlertController+Extensions.swift */ = {isa = PBXFileReference; fileEncoding = 4; lastKnownFileType = sourcecode.swift; path = "UIAlertController+Extensions.swift"; sourceTree = "<group>"; };
		E2885672220668CF00DD8C22 /* Optional+Extensions.swift */ = {isa = PBXFileReference; fileEncoding = 4; lastKnownFileType = sourcecode.swift; path = "Optional+Extensions.swift"; sourceTree = "<group>"; };
		E2885673220668CF00DD8C22 /* Common+Extensions.swift */ = {isa = PBXFileReference; fileEncoding = 4; lastKnownFileType = sourcecode.swift; path = "Common+Extensions.swift"; sourceTree = "<group>"; };
		E2885674220668CF00DD8C22 /* Locale+Extensions.swift */ = {isa = PBXFileReference; fileEncoding = 4; lastKnownFileType = sourcecode.swift; path = "Locale+Extensions.swift"; sourceTree = "<group>"; };
		E2885675220668CF00DD8C22 /* UITextField+Extensions.swift */ = {isa = PBXFileReference; fileEncoding = 4; lastKnownFileType = sourcecode.swift; path = "UITextField+Extensions.swift"; sourceTree = "<group>"; };
		E2885678220668CF00DD8C22 /* AttributedTextBlock.swift */ = {isa = PBXFileReference; fileEncoding = 4; lastKnownFileType = sourcecode.swift; path = AttributedTextBlock.swift; sourceTree = "<group>"; };
		E2885679220668CF00DD8C22 /* TextViewController.swift */ = {isa = PBXFileReference; fileEncoding = 4; lastKnownFileType = sourcecode.swift; path = TextViewController.swift; sourceTree = "<group>"; };
		E288567C220668CF00DD8C22 /* Countries.bundle */ = {isa = PBXFileReference; lastKnownFileType = "wrapper.plug-in"; path = Countries.bundle; sourceTree = "<group>"; };
		E288567E220668CF00DD8C22 /* LocaleStore.swift */ = {isa = PBXFileReference; fileEncoding = 4; lastKnownFileType = sourcecode.swift; path = LocaleStore.swift; sourceTree = "<group>"; };
		E2885680220668CF00DD8C22 /* LocaleInfo.swift */ = {isa = PBXFileReference; fileEncoding = 4; lastKnownFileType = sourcecode.swift; path = LocaleInfo.swift; sourceTree = "<group>"; };
		E2885681220668CF00DD8C22 /* LocalePickerViewController.swift */ = {isa = PBXFileReference; fileEncoding = 4; lastKnownFileType = sourcecode.swift; path = LocalePickerViewController.swift; sourceTree = "<group>"; };
		E2885683220668CF00DD8C22 /* PhoneCodeCell.swift */ = {isa = PBXFileReference; fileEncoding = 4; lastKnownFileType = sourcecode.swift; path = PhoneCodeCell.swift; sourceTree = "<group>"; };
		E2885684220668CF00DD8C22 /* CurrencyCell.swift */ = {isa = PBXFileReference; fileEncoding = 4; lastKnownFileType = sourcecode.swift; path = CurrencyCell.swift; sourceTree = "<group>"; };
		E2885685220668CF00DD8C22 /* CountryCell.swift */ = {isa = PBXFileReference; fileEncoding = 4; lastKnownFileType = sourcecode.swift; path = CountryCell.swift; sourceTree = "<group>"; };
		E2885687220668CF00DD8C22 /* TwoTextFieldsViewController.swift */ = {isa = PBXFileReference; fileEncoding = 4; lastKnownFileType = sourcecode.swift; path = TwoTextFieldsViewController.swift; sourceTree = "<group>"; };
		E2885688220668CF00DD8C22 /* OneTextFieldViewController.swift */ = {isa = PBXFileReference; fileEncoding = 4; lastKnownFileType = sourcecode.swift; path = OneTextFieldViewController.swift; sourceTree = "<group>"; };
		E288568B220668CF00DD8C22 /* Assets.swift */ = {isa = PBXFileReference; fileEncoding = 4; lastKnownFileType = sourcecode.swift; path = Assets.swift; sourceTree = "<group>"; };
		E288568C220668CF00DD8C22 /* PhotoLibraryPickerViewController.swift */ = {isa = PBXFileReference; fileEncoding = 4; lastKnownFileType = sourcecode.swift; path = PhotoLibraryPickerViewController.swift; sourceTree = "<group>"; };
		E288568E220668CF00DD8C22 /* LocationSearchResultsViewController.swift */ = {isa = PBXFileReference; fileEncoding = 4; lastKnownFileType = sourcecode.swift; path = LocationSearchResultsViewController.swift; sourceTree = "<group>"; };
		E288568F220668CF00DD8C22 /* LocationPickerViewController.swift */ = {isa = PBXFileReference; fileEncoding = 4; lastKnownFileType = sourcecode.swift; path = LocationPickerViewController.swift; sourceTree = "<group>"; };
		E2885691220668CF00DD8C22 /* SearchHistoryManager.swift */ = {isa = PBXFileReference; fileEncoding = 4; lastKnownFileType = sourcecode.swift; path = SearchHistoryManager.swift; sourceTree = "<group>"; };
		E2885693220668CF00DD8C22 /* Location.swift */ = {isa = PBXFileReference; fileEncoding = 4; lastKnownFileType = sourcecode.swift; path = Location.swift; sourceTree = "<group>"; };
		E2885694220668CF00DD8C22 /* Address.swift */ = {isa = PBXFileReference; fileEncoding = 4; lastKnownFileType = sourcecode.swift; path = Address.swift; sourceTree = "<group>"; };
		E2885696220668CF00DD8C22 /* PickerViewViewController.swift */ = {isa = PBXFileReference; fileEncoding = 4; lastKnownFileType = sourcecode.swift; path = PickerViewViewController.swift; sourceTree = "<group>"; };
		E2885698220668CF00DD8C22 /* ContactsPickerViewController.swift */ = {isa = PBXFileReference; fileEncoding = 4; lastKnownFileType = sourcecode.swift; path = ContactsPickerViewController.swift; sourceTree = "<group>"; };
		E288569A220668CF00DD8C22 /* Contacts.swift */ = {isa = PBXFileReference; fileEncoding = 4; lastKnownFileType = sourcecode.swift; path = Contacts.swift; sourceTree = "<group>"; };
		E288569C220668CF00DD8C22 /* Contact.swift */ = {isa = PBXFileReference; fileEncoding = 4; lastKnownFileType = sourcecode.swift; path = Contact.swift; sourceTree = "<group>"; };
		E288569E220668CF00DD8C22 /* ContactCell.swift */ = {isa = PBXFileReference; fileEncoding = 4; lastKnownFileType = sourcecode.swift; path = ContactCell.swift; sourceTree = "<group>"; };
		E28856A0220668CF00DD8C22 /* ColorPickerViewController.swift */ = {isa = PBXFileReference; fileEncoding = 4; lastKnownFileType = sourcecode.swift; path = ColorPickerViewController.swift; sourceTree = "<group>"; };
		E28856A2220668CF00DD8C22 /* DatePickerViewController.swift */ = {isa = PBXFileReference; fileEncoding = 4; lastKnownFileType = sourcecode.swift; path = DatePickerViewController.swift; sourceTree = "<group>"; };
		E28856A4220668CF00DD8C22 /* ImagePickerViewController.swift */ = {isa = PBXFileReference; fileEncoding = 4; lastKnownFileType = sourcecode.swift; path = ImagePickerViewController.swift; sourceTree = "<group>"; };
		E28856A6220668CF00DD8C22 /* ItemWithImage.swift */ = {isa = PBXFileReference; fileEncoding = 4; lastKnownFileType = sourcecode.swift; path = ItemWithImage.swift; sourceTree = "<group>"; };
		E28856A9220668CF00DD8C22 /* PhotoLayout.swift */ = {isa = PBXFileReference; fileEncoding = 4; lastKnownFileType = sourcecode.swift; path = PhotoLayout.swift; sourceTree = "<group>"; };
		E28856AA220668CF00DD8C22 /* TelegramPickerViewController.swift */ = {isa = PBXFileReference; fileEncoding = 4; lastKnownFileType = sourcecode.swift; path = TelegramPickerViewController.swift; sourceTree = "<group>"; };
		E28856AC220668CF00DD8C22 /* ItemWithPhoto.swift */ = {isa = PBXFileReference; fileEncoding = 4; lastKnownFileType = sourcecode.swift; path = ItemWithPhoto.swift; sourceTree = "<group>"; };
		E28856AD220668CF00DD8C22 /* LikeButtonCell.swift */ = {isa = PBXFileReference; fileEncoding = 4; lastKnownFileType = sourcecode.swift; path = LikeButtonCell.swift; sourceTree = "<group>"; };
		E28856AF220668CF00DD8C22 /* Label.swift */ = {isa = PBXFileReference; fileEncoding = 4; lastKnownFileType = sourcecode.swift; path = Label.swift; sourceTree = "<group>"; };
		E28856B0220668CF00DD8C22 /* SegmentedControl.swift */ = {isa = PBXFileReference; fileEncoding = 4; lastKnownFileType = sourcecode.swift; path = SegmentedControl.swift; sourceTree = "<group>"; };
		E28856B1220668CF00DD8C22 /* GradientSlider.swift */ = {isa = PBXFileReference; fileEncoding = 4; lastKnownFileType = sourcecode.swift; path = GradientSlider.swift; sourceTree = "<group>"; };
		E28856B2220668CF00DD8C22 /* TextField.swift */ = {isa = PBXFileReference; fileEncoding = 4; lastKnownFileType = sourcecode.swift; path = TextField.swift; sourceTree = "<group>"; };
		E28856B3220668CF00DD8C22 /* Button.swift */ = {isa = PBXFileReference; fileEncoding = 4; lastKnownFileType = sourcecode.swift; path = Button.swift; sourceTree = "<group>"; };
		E28856E9220721F600DD8C22 /* WordsListViewController.swift */ = {isa = PBXFileReference; lastKnownFileType = sourcecode.swift; path = WordsListViewController.swift; sourceTree = "<group>"; };
		E28856EB220723E100DD8C22 /* WordsListTableViewCell.swift */ = {isa = PBXFileReference; lastKnownFileType = sourcecode.swift; path = WordsListTableViewCell.swift; sourceTree = "<group>"; };
		E291CCA0206D701E001AD3B1 /* SettingsViewController.swift */ = {isa = PBXFileReference; lastKnownFileType = sourcecode.swift; path = SettingsViewController.swift; sourceTree = "<group>"; };
		E2998D7821D4D87F00DBEA50 /* learnwords 1.1.xcdatamodel */ = {isa = PBXFileReference; lastKnownFileType = wrapper.xcdatamodel; path = "learnwords 1.1.xcdatamodel"; sourceTree = "<group>"; };
		E2A5A9B62250F2DF00C257E0 /* String+Extension.swift */ = {isa = PBXFileReference; lastKnownFileType = sourcecode.swift; path = "String+Extension.swift"; sourceTree = "<group>"; };
		E2A5A9BC2250F78800C257E0 /* Localizations.swift */ = {isa = PBXFileReference; fileEncoding = 4; lastKnownFileType = sourcecode.swift; path = Localizations.swift; sourceTree = "<group>"; };
		E2A5A9BE2250F78800C257E0 /* Base */ = {isa = PBXFileReference; lastKnownFileType = text.plist.strings; name = Base; path = Base.lproj/Localizable.strings; sourceTree = "<group>"; };
		E2A5A9C22251039900C257E0 /* pl */ = {isa = PBXFileReference; lastKnownFileType = text.plist.strings; name = pl; path = pl.lproj/Main.strings; sourceTree = "<group>"; };
		E2A5A9C32251039900C257E0 /* pl */ = {isa = PBXFileReference; lastKnownFileType = text.plist.strings; name = pl; path = pl.lproj/LaunchScreen.strings; sourceTree = "<group>"; };
		E2A5A9C4225103AB00C257E0 /* en */ = {isa = PBXFileReference; lastKnownFileType = text.plist.strings; name = en; path = en.lproj/Localizable.strings; sourceTree = "<group>"; };
		E2A5A9C5225103B100C257E0 /* pl */ = {isa = PBXFileReference; lastKnownFileType = text.plist.strings; name = pl; path = pl.lproj/Localizable.strings; sourceTree = "<group>"; };
		E2A5A9C922510B2700C257E0 /* StoreViewController.swift */ = {isa = PBXFileReference; lastKnownFileType = sourcecode.swift; path = StoreViewController.swift; sourceTree = "<group>"; };
		E2E181A221A42DB5001359F8 /* frenchenglishtop1000.txt */ = {isa = PBXFileReference; fileEncoding = 4; lastKnownFileType = text; path = frenchenglishtop1000.txt; sourceTree = "<group>"; };
		E2E181A421A42E43001359F8 /* LanguageSet+CoreDataClass.swift */ = {isa = PBXFileReference; lastKnownFileType = sourcecode.swift; path = "LanguageSet+CoreDataClass.swift"; sourceTree = "<group>"; };
		E2E181A621A42E43001359F8 /* Word+CoreDataClass.swift */ = {isa = PBXFileReference; lastKnownFileType = sourcecode.swift; path = "Word+CoreDataClass.swift"; sourceTree = "<group>"; };
		E2E181A821A42E43001359F8 /* User+CoreDataClass.swift */ = {isa = PBXFileReference; lastKnownFileType = sourcecode.swift; path = "User+CoreDataClass.swift"; sourceTree = "<group>"; };
		E2EC61F7206FCD2600317AA2 /* BaseViewController.swift */ = {isa = PBXFileReference; lastKnownFileType = sourcecode.swift; path = BaseViewController.swift; sourceTree = "<group>"; };
		E2FD266722C7A131005F8967 /* learnwords 1.7.xcdatamodel */ = {isa = PBXFileReference; lastKnownFileType = wrapper.xcdatamodel; path = "learnwords 1.7.xcdatamodel"; sourceTree = "<group>"; };
		E3CB232BFE61927E5B158267 /* Pods_learnwords.framework */ = {isa = PBXFileReference; explicitFileType = wrapper.framework; includeInIndex = 0; path = Pods_learnwords.framework; sourceTree = BUILT_PRODUCTS_DIR; };
/* End PBXFileReference section */

/* Begin PBXFrameworksBuildPhase section */
		32A07358205BBFA500415A97 /* Frameworks */ = {
			isa = PBXFrameworksBuildPhase;
			buildActionMask = 2147483647;
			files = (
				D18B9A1205C44873352A2531 /* Pods_learnwords.framework in Frameworks */,
			);
			runOnlyForDeploymentPostprocessing = 0;
		};
/* End PBXFrameworksBuildPhase section */

/* Begin PBXGroup section */
		1907EE80DDD2CC0896FA1CBB /* Frameworks */ = {
			isa = PBXGroup;
			children = (
				E3CB232BFE61927E5B158267 /* Pods_learnwords.framework */,
			);
			name = Frameworks;
			sourceTree = "<group>";
		};
		32A07352205BBFA500415A97 = {
			isa = PBXGroup;
			children = (
				32A0735D205BBFA500415A97 /* learnwords */,
				32A0735C205BBFA500415A97 /* Products */,
				C1B7ACFE6267AFD2E0F99784 /* Pods */,
				1907EE80DDD2CC0896FA1CBB /* Frameworks */,
			);
			sourceTree = "<group>";
		};
		32A0735C205BBFA500415A97 /* Products */ = {
			isa = PBXGroup;
			children = (
				32A0735B205BBFA500415A97 /* learnwords.app */,
			);
			name = Products;
			sourceTree = "<group>";
		};
		32A0735D205BBFA500415A97 /* learnwords */ = {
			isa = PBXGroup;
			children = (
				E2A5A9BB2250F78800C257E0 /* Localization */,
				E24391F7210367C500EDE25F /* Model */,
				E2010BD021CF0F6C006D9DD7 /* View */,
				E2010BCF21CF0F66006D9DD7 /* Controller */,
				E24391F8210367CD00EDE25F /* Resources */,
				E2010BD121CF1170006D9DD7 /* Helpers */,
				E24391F32103672C00EDE25F /* Extensions */,
				32A0735E205BBFA500415A97 /* AppDelegate.swift */,
				32A0736D205BBFA500415A97 /* Info.plist */,
				E2505A5C20F6BD1000F70E49 /* languages */,
			);
			path = learnwords;
			sourceTree = "<group>";
		};
		C1B7ACFE6267AFD2E0F99784 /* Pods */ = {
			isa = PBXGroup;
			children = (
				681C92A3F231C14B81EA1AF9 /* Pods-learnwords.debug.xcconfig */,
				ABDE6CEBB4A42781E69649C6 /* Pods-learnwords.release.xcconfig */,
			);
			path = Pods;
			sourceTree = "<group>";
		};
		E2010BCF21CF0F66006D9DD7 /* Controller */ = {
			isa = PBXGroup;
			children = (
				E24978732246F55400BD8146 /* Main */,
				E24978742246F55C00BD8146 /* Settings */,
				E24978752246F56200BD8146 /* Statistics */,
				E2EC61F7206FCD2600317AA2 /* BaseViewController.swift */,
			);
			path = Controller;
			sourceTree = "<group>";
		};
		E2010BD021CF0F6C006D9DD7 /* View */ = {
			isa = PBXGroup;
			children = (
				E2010BCD21CD9154006D9DD7 /* RecordButton.swift */,
				E23B6DE021A58C3A000FAAEE /* StatisticsCell.swift */,
				324C841E206E395900C19329 /* NewWordCell.swift */,
				E25DD69E21D8349F0099D543 /* SettingsCell.swift */,
				E28856612206455600DD8C22 /* NewSetCell.swift */,
				E25DD6A021D84A690099D543 /* SetsCell.swift */,
				E28856EB220723E100DD8C22 /* WordsListTableViewCell.swift */,
			);
			path = View;
			sourceTree = "<group>";
		};
		E2010BD121CF1170006D9DD7 /* Helpers */ = {
			isa = PBXGroup;
			children = (
				E2885663220668CF00DD8C22 /* CustomAlerts */,
				E2010BD221CF118A006D9DD7 /* FillDb.swift */,
			);
			path = Helpers;
			sourceTree = "<group>";
		};
		E24391F32103672C00EDE25F /* Extensions */ = {
			isa = PBXGroup;
			children = (
				E24391F42103673E00EDE25F /* UIImageView+Extension.swift */,
				E25853B421B9D28E007DE2BB /* UIView+Extension.swift */,
				E2A5A9B62250F2DF00C257E0 /* String+Extension.swift */,
				E259C30C21D1BEA2005FFB50 /* KeyboardBoundView.swift */,
			);
			path = Extensions;
			sourceTree = "<group>";
		};
		E24391F7210367C500EDE25F /* Model */ = {
			isa = PBXGroup;
			children = (
				32A07365205BBFA500415A97 /* learnwords.xcdatamodeld */,
				E22EBF582242EBEA0019A36E /* WordHistory+CoreDataClass.swift */,
				E2E181A421A42E43001359F8 /* LanguageSet+CoreDataClass.swift */,
				E2E181A621A42E43001359F8 /* Word+CoreDataClass.swift */,
				E2E181A821A42E43001359F8 /* User+CoreDataClass.swift */,
			);
			path = Model;
			sourceTree = "<group>";
		};
		E24391F8210367CD00EDE25F /* Resources */ = {
			isa = PBXGroup;
			children = (
				32A07362205BBFA500415A97 /* Main.storyboard */,
				32A0736A205BBFA500415A97 /* LaunchScreen.storyboard */,
				32A07368205BBFA500415A97 /* Assets.xcassets */,
			);
			path = Resources;
			sourceTree = "<group>";
		};
		E24978732246F55400BD8146 /* Main */ = {
			isa = PBXGroup;
			children = (
				32A07360205BBFA500415A97 /* MainViewController.swift */,
				E241946A22D9F20F00341DE5 /* MainViewController+WordsLogic.swift */,
				E241946622D9EF4C00341DE5 /* MainViewController+SpeechRecognition.swift */,
				E241946822D9F0B500341DE5 /* MainViewController+IBActions.swift */,
			);
			path = Main;
			sourceTree = "<group>";
		};
		E24978742246F55C00BD8146 /* Settings */ = {
			isa = PBXGroup;
			children = (
				E2A5A9C8225104F900C257E0 /* Store */,
				E2A5A9C7225104DB00C257E0 /* Sets */,
				E2A5A9C6225104C600C257E0 /* Words */,
				E291CCA0206D701E001AD3B1 /* SettingsViewController.swift */,
			);
			path = Settings;
			sourceTree = "<group>";
		};
		E24978752246F56200BD8146 /* Statistics */ = {
			isa = PBXGroup;
			children = (
				E23B6DDE21A58881000FAAEE /* StatisticsViewController.swift */,
			);
			path = Statistics;
			sourceTree = "<group>";
		};
		E2505A5C20F6BD1000F70E49 /* languages */ = {
			isa = PBXGroup;
			children = (
				E2E181A221A42DB5001359F8 /* frenchenglishtop1000.txt */,
				E2505A5A20F6B6D700F70E49 /* germanenglishtop1000.txt */,
				E23B6DE321A5A2FE000FAAEE /* germanpolishtop1000.txt */,
				E23B6DE221A5A2FD000FAAEE /* polishgermantop1000.txt */,
			);
			path = languages;
			sourceTree = "<group>";
		};
		E2885663220668CF00DD8C22 /* CustomAlerts */ = {
			isa = PBXGroup;
			children = (
				E2885664220668CF00DD8C22 /* Extensions */,
				E2885676220668CF00DD8C22 /* Viewers */,
				E288567A220668CF00DD8C22 /* Pickers */,
				E28856AE220668CF00DD8C22 /* Views */,
			);
			path = CustomAlerts;
			sourceTree = "<group>";
		};
		E2885664220668CF00DD8C22 /* Extensions */ = {
			isa = PBXGroup;
			children = (
				E2885665220668CF00DD8C22 /* Array+Extensions.swift */,
				E2885666220668CF00DD8C22 /* UISegmentedControl+Extensions.swift */,
				E2885667220668CF00DD8C22 /* UIImageView+Extensions.swift */,
				E2885668220668CF00DD8C22 /* UIViewController+Extensions.swift */,
				E2885669220668CF00DD8C22 /* UIView+Extensions.swift */,
				E288566A220668CF00DD8C22 /* Date+Extension.swift */,
				E288566B220668CF00DD8C22 /* String+Extensions.swift */,
				E288566C220668CF00DD8C22 /* UITextView+Extensions.swift */,
				E288566D220668CF00DD8C22 /* UIColor+Extensions.swift */,
				E288566E220668CF00DD8C22 /* UIImage+Extensions.swift */,
				E288566F220668CF00DD8C22 /* UISearchBar+Extensions.swift */,
				E2885670220668CF00DD8C22 /* UIApplication+Extensions.swift */,
				E2885671220668CF00DD8C22 /* UIAlertController+Extensions.swift */,
				E2885672220668CF00DD8C22 /* Optional+Extensions.swift */,
				E2885673220668CF00DD8C22 /* Common+Extensions.swift */,
				E2885674220668CF00DD8C22 /* Locale+Extensions.swift */,
				E2885675220668CF00DD8C22 /* UITextField+Extensions.swift */,
			);
			path = Extensions;
			sourceTree = "<group>";
		};
		E2885676220668CF00DD8C22 /* Viewers */ = {
			isa = PBXGroup;
			children = (
				E2885677220668CF00DD8C22 /* Models */,
				E2885679220668CF00DD8C22 /* TextViewController.swift */,
			);
			path = Viewers;
			sourceTree = "<group>";
		};
		E2885677220668CF00DD8C22 /* Models */ = {
			isa = PBXGroup;
			children = (
				E2885678220668CF00DD8C22 /* AttributedTextBlock.swift */,
			);
			path = Models;
			sourceTree = "<group>";
		};
		E288567A220668CF00DD8C22 /* Pickers */ = {
			isa = PBXGroup;
			children = (
				E288567B220668CF00DD8C22 /* Locale */,
				E2885686220668CF00DD8C22 /* TextFields */,
				E2885689220668CF00DD8C22 /* PhotoLibrary */,
				E288568D220668CF00DD8C22 /* Location */,
				E2885695220668CF00DD8C22 /* PickerView */,
				E2885697220668CF00DD8C22 /* Contacts */,
				E288569F220668CF00DD8C22 /* Color */,
				E28856A1220668CF00DD8C22 /* Date */,
				E28856A3220668CF00DD8C22 /* Image */,
				E28856A7220668CF00DD8C22 /* Telegram */,
			);
			path = Pickers;
			sourceTree = "<group>";
		};
		E288567B220668CF00DD8C22 /* Locale */ = {
			isa = PBXGroup;
			children = (
				E288567C220668CF00DD8C22 /* Countries.bundle */,
				E288567D220668CF00DD8C22 /* Managers */,
				E288567F220668CF00DD8C22 /* Models */,
				E2885681220668CF00DD8C22 /* LocalePickerViewController.swift */,
				E2885682220668CF00DD8C22 /* Views */,
			);
			path = Locale;
			sourceTree = "<group>";
		};
		E288567D220668CF00DD8C22 /* Managers */ = {
			isa = PBXGroup;
			children = (
				E288567E220668CF00DD8C22 /* LocaleStore.swift */,
			);
			path = Managers;
			sourceTree = "<group>";
		};
		E288567F220668CF00DD8C22 /* Models */ = {
			isa = PBXGroup;
			children = (
				E2885680220668CF00DD8C22 /* LocaleInfo.swift */,
			);
			path = Models;
			sourceTree = "<group>";
		};
		E2885682220668CF00DD8C22 /* Views */ = {
			isa = PBXGroup;
			children = (
				E2885683220668CF00DD8C22 /* PhoneCodeCell.swift */,
				E2885684220668CF00DD8C22 /* CurrencyCell.swift */,
				E2885685220668CF00DD8C22 /* CountryCell.swift */,
			);
			path = Views;
			sourceTree = "<group>";
		};
		E2885686220668CF00DD8C22 /* TextFields */ = {
			isa = PBXGroup;
			children = (
				E2885687220668CF00DD8C22 /* TwoTextFieldsViewController.swift */,
				E2885688220668CF00DD8C22 /* OneTextFieldViewController.swift */,
			);
			path = TextFields;
			sourceTree = "<group>";
		};
		E2885689220668CF00DD8C22 /* PhotoLibrary */ = {
			isa = PBXGroup;
			children = (
				E288568A220668CF00DD8C22 /* Managers */,
				E288568C220668CF00DD8C22 /* PhotoLibraryPickerViewController.swift */,
			);
			path = PhotoLibrary;
			sourceTree = "<group>";
		};
		E288568A220668CF00DD8C22 /* Managers */ = {
			isa = PBXGroup;
			children = (
				E288568B220668CF00DD8C22 /* Assets.swift */,
			);
			path = Managers;
			sourceTree = "<group>";
		};
		E288568D220668CF00DD8C22 /* Location */ = {
			isa = PBXGroup;
			children = (
				E288568E220668CF00DD8C22 /* LocationSearchResultsViewController.swift */,
				E288568F220668CF00DD8C22 /* LocationPickerViewController.swift */,
				E2885690220668CF00DD8C22 /* Managers */,
				E2885692220668CF00DD8C22 /* Models */,
			);
			path = Location;
			sourceTree = "<group>";
		};
		E2885690220668CF00DD8C22 /* Managers */ = {
			isa = PBXGroup;
			children = (
				E2885691220668CF00DD8C22 /* SearchHistoryManager.swift */,
			);
			path = Managers;
			sourceTree = "<group>";
		};
		E2885692220668CF00DD8C22 /* Models */ = {
			isa = PBXGroup;
			children = (
				E2885693220668CF00DD8C22 /* Location.swift */,
				E2885694220668CF00DD8C22 /* Address.swift */,
			);
			path = Models;
			sourceTree = "<group>";
		};
		E2885695220668CF00DD8C22 /* PickerView */ = {
			isa = PBXGroup;
			children = (
				E2885696220668CF00DD8C22 /* PickerViewViewController.swift */,
			);
			path = PickerView;
			sourceTree = "<group>";
		};
		E2885697220668CF00DD8C22 /* Contacts */ = {
			isa = PBXGroup;
			children = (
				E2885698220668CF00DD8C22 /* ContactsPickerViewController.swift */,
				E2885699220668CF00DD8C22 /* Managers */,
				E288569B220668CF00DD8C22 /* Models */,
				E288569D220668CF00DD8C22 /* Views */,
			);
			path = Contacts;
			sourceTree = "<group>";
		};
		E2885699220668CF00DD8C22 /* Managers */ = {
			isa = PBXGroup;
			children = (
				E288569A220668CF00DD8C22 /* Contacts.swift */,
			);
			path = Managers;
			sourceTree = "<group>";
		};
		E288569B220668CF00DD8C22 /* Models */ = {
			isa = PBXGroup;
			children = (
				E288569C220668CF00DD8C22 /* Contact.swift */,
			);
			path = Models;
			sourceTree = "<group>";
		};
		E288569D220668CF00DD8C22 /* Views */ = {
			isa = PBXGroup;
			children = (
				E288569E220668CF00DD8C22 /* ContactCell.swift */,
			);
			path = Views;
			sourceTree = "<group>";
		};
		E288569F220668CF00DD8C22 /* Color */ = {
			isa = PBXGroup;
			children = (
				E28856A0220668CF00DD8C22 /* ColorPickerViewController.swift */,
			);
			path = Color;
			sourceTree = "<group>";
		};
		E28856A1220668CF00DD8C22 /* Date */ = {
			isa = PBXGroup;
			children = (
				E28856A2220668CF00DD8C22 /* DatePickerViewController.swift */,
			);
			path = Date;
			sourceTree = "<group>";
		};
		E28856A3220668CF00DD8C22 /* Image */ = {
			isa = PBXGroup;
			children = (
				E28856A4220668CF00DD8C22 /* ImagePickerViewController.swift */,
				E28856A5220668CF00DD8C22 /* Views */,
			);
			path = Image;
			sourceTree = "<group>";
		};
		E28856A5220668CF00DD8C22 /* Views */ = {
			isa = PBXGroup;
			children = (
				E28856A6220668CF00DD8C22 /* ItemWithImage.swift */,
			);
			path = Views;
			sourceTree = "<group>";
		};
		E28856A7220668CF00DD8C22 /* Telegram */ = {
			isa = PBXGroup;
			children = (
				E28856A8220668CF00DD8C22 /* Layouts */,
				E28856AA220668CF00DD8C22 /* TelegramPickerViewController.swift */,
				E28856AB220668CF00DD8C22 /* Views */,
			);
			path = Telegram;
			sourceTree = "<group>";
		};
		E28856A8220668CF00DD8C22 /* Layouts */ = {
			isa = PBXGroup;
			children = (
				E28856A9220668CF00DD8C22 /* PhotoLayout.swift */,
			);
			path = Layouts;
			sourceTree = "<group>";
		};
		E28856AB220668CF00DD8C22 /* Views */ = {
			isa = PBXGroup;
			children = (
				E28856AC220668CF00DD8C22 /* ItemWithPhoto.swift */,
				E28856AD220668CF00DD8C22 /* LikeButtonCell.swift */,
			);
			path = Views;
			sourceTree = "<group>";
		};
		E28856AE220668CF00DD8C22 /* Views */ = {
			isa = PBXGroup;
			children = (
				E28856AF220668CF00DD8C22 /* Label.swift */,
				E28856B0220668CF00DD8C22 /* SegmentedControl.swift */,
				E28856B1220668CF00DD8C22 /* GradientSlider.swift */,
				E28856B2220668CF00DD8C22 /* TextField.swift */,
				E28856B3220668CF00DD8C22 /* Button.swift */,
			);
			path = Views;
			sourceTree = "<group>";
		};
		E2A5A9BB2250F78800C257E0 /* Localization */ = {
			isa = PBXGroup;
			children = (
				E2A5A9BC2250F78800C257E0 /* Localizations.swift */,
				E2A5A9BD2250F78800C257E0 /* Localizable.strings */,
			);
			path = Localization;
			sourceTree = "<group>";
		};
		E2A5A9C6225104C600C257E0 /* Words */ = {
			isa = PBXGroup;
			children = (
				E28856E9220721F600DD8C22 /* WordsListViewController.swift */,
				324C841A206E289C00C19329 /* NewWordViewController.swift */,
			);
			path = Words;
			sourceTree = "<group>";
		};
		E2A5A9C7225104DB00C257E0 /* Sets */ = {
			isa = PBXGroup;
			children = (
				E288565F2206422800DD8C22 /* NewSetViewController.swift */,
				E238686622269C69000DEEC8 /* BaseSetViewController.swift */,
				E238686422269AE3000DEEC8 /* LearningLanguageViewController.swift */,
				E238686222269AD0000DEEC8 /* KnownLanguageViewController.swift */,
				E23B6DDC21A55224000FAAEE /* LanguageSetViewController.swift */,
			);
			path = Sets;
			sourceTree = "<group>";
		};
		E2A5A9C8225104F900C257E0 /* Store */ = {
			isa = PBXGroup;
			children = (
				E2A5A9C922510B2700C257E0 /* StoreViewController.swift */,
			);
			path = Store;
			sourceTree = "<group>";
		};
/* End PBXGroup section */

/* Begin PBXNativeTarget section */
		32A0735A205BBFA500415A97 /* learnwords */ = {
			isa = PBXNativeTarget;
			buildConfigurationList = 32A07370205BBFA500415A97 /* Build configuration list for PBXNativeTarget "learnwords" */;
			buildPhases = (
				3086640BC7CEA0945091864D /* [CP] Check Pods Manifest.lock */,
				32A07357205BBFA500415A97 /* Sources */,
				32A07358205BBFA500415A97 /* Frameworks */,
				32A07359205BBFA500415A97 /* Resources */,
				C693253BE6438582F75217E3 /* [CP] Embed Pods Frameworks */,
				E2A5A9B82250F5E200C257E0 /* Laurine Generator */,
			);
			buildRules = (
			);
			dependencies = (
			);
			name = learnwords;
			productName = learnwords;
			productReference = 32A0735B205BBFA500415A97 /* learnwords.app */;
			productType = "com.apple.product-type.application";
		};
/* End PBXNativeTarget section */

/* Begin PBXProject section */
		32A07353205BBFA500415A97 /* Project object */ = {
			isa = PBXProject;
			attributes = {
				LastSwiftUpdateCheck = 0910;
				LastUpgradeCheck = 0910;
				ORGANIZATIONNAME = kapala;
				TargetAttributes = {
					32A0735A205BBFA500415A97 = {
						CreatedOnToolsVersion = 9.1;
						ProvisioningStyle = Automatic;
					};
				};
			};
			buildConfigurationList = 32A07356205BBFA500415A97 /* Build configuration list for PBXProject "learnwords" */;
			compatibilityVersion = "Xcode 8.0";
			developmentRegion = en;
			hasScannedForEncodings = 0;
			knownRegions = (
				en,
				Base,
				pl,
			);
			mainGroup = 32A07352205BBFA500415A97;
			productRefGroup = 32A0735C205BBFA500415A97 /* Products */;
			projectDirPath = "";
			projectRoot = "";
			targets = (
				32A0735A205BBFA500415A97 /* learnwords */,
			);
		};
/* End PBXProject section */

/* Begin PBXResourcesBuildPhase section */
		32A07359205BBFA500415A97 /* Resources */ = {
			isa = PBXResourcesBuildPhase;
			buildActionMask = 2147483647;
			files = (
				32A0736C205BBFA500415A97 /* LaunchScreen.storyboard in Resources */,
				32A07369205BBFA500415A97 /* Assets.xcassets in Resources */,
				E2505A5B20F6B6D700F70E49 /* germanenglishtop1000.txt in Resources */,
				32A07364205BBFA500415A97 /* Main.storyboard in Resources */,
				E2A5A9C12250F78800C257E0 /* Localizable.strings in Resources */,
				E28856C7220668CF00DD8C22 /* Countries.bundle in Resources */,
				E23B6DE421A5A2FE000FAAEE /* polishgermantop1000.txt in Resources */,
				E2E181A321A42DB5001359F8 /* frenchenglishtop1000.txt in Resources */,
				E23B6DE521A5A2FE000FAAEE /* germanpolishtop1000.txt in Resources */,
			);
			runOnlyForDeploymentPostprocessing = 0;
		};
/* End PBXResourcesBuildPhase section */

/* Begin PBXShellScriptBuildPhase section */
		3086640BC7CEA0945091864D /* [CP] Check Pods Manifest.lock */ = {
			isa = PBXShellScriptBuildPhase;
			buildActionMask = 2147483647;
			files = (
			);
			inputFileListPaths = (
			);
			inputPaths = (
				"${PODS_PODFILE_DIR_PATH}/Podfile.lock",
				"${PODS_ROOT}/Manifest.lock",
			);
			name = "[CP] Check Pods Manifest.lock";
			outputFileListPaths = (
			);
			outputPaths = (
				"$(DERIVED_FILE_DIR)/Pods-learnwords-checkManifestLockResult.txt",
			);
			runOnlyForDeploymentPostprocessing = 0;
			shellPath = /bin/sh;
			shellScript = "diff \"${PODS_PODFILE_DIR_PATH}/Podfile.lock\" \"${PODS_ROOT}/Manifest.lock\" > /dev/null\nif [ $? != 0 ] ; then\n    # print error to STDERR\n    echo \"error: The sandbox is not in sync with the Podfile.lock. Run 'pod install' or update your CocoaPods installation.\" >&2\n    exit 1\nfi\n# This output is used by Xcode 'outputs' to avoid re-running this script phase.\necho \"SUCCESS\" > \"${SCRIPT_OUTPUT_FILE_0}\"\n";
			showEnvVarsInLog = 0;
		};
		C693253BE6438582F75217E3 /* [CP] Embed Pods Frameworks */ = {
			isa = PBXShellScriptBuildPhase;
			buildActionMask = 2147483647;
			files = (
			);
			inputFileListPaths = (
			);
			inputPaths = (
				"${PODS_ROOT}/Target Support Files/Pods-learnwords/Pods-learnwords-frameworks.sh",
				"${BUILT_PRODUCTS_DIR}/Charts/Charts.framework",
			);
			name = "[CP] Embed Pods Frameworks";
			outputFileListPaths = (
			);
			outputPaths = (
				"${TARGET_BUILD_DIR}/${FRAMEWORKS_FOLDER_PATH}/Charts.framework",
			);
			runOnlyForDeploymentPostprocessing = 0;
			shellPath = /bin/sh;
			shellScript = "\"${PODS_ROOT}/Target Support Files/Pods-learnwords/Pods-learnwords-frameworks.sh\"\n";
			showEnvVarsInLog = 0;
		};
		E2A5A9B82250F5E200C257E0 /* Laurine Generator */ = {
			isa = PBXShellScriptBuildPhase;
			buildActionMask = 2147483647;
			files = (
			);
			inputFileListPaths = (
			);
			inputPaths = (
			);
			name = "Laurine Generator";
			outputFileListPaths = (
			);
			outputPaths = (
			);
			runOnlyForDeploymentPostprocessing = 0;
			shellPath = /bin/sh;
			shellScript = "set -x\n\n# Get base path to project\nBASE_PATH=\"$PROJECT_DIR/$PROJECT_NAME\"\n\n#--------- START OF YOUR CONFIGURATION (change Path_To_.. to fit)\n\n# Get path to Laurine Generator script\nLAURINE_PATH=\"$PROJECT_DIR/Libraries/Laurine/LaurineGenerator.swift\"\n\n# Get path to main localization file (usually english).\nSOURCE_PATH=\"$BASE_PATH/Localization/Base.lproj/Localizable.strings\"\n\n# Get path to output. If you use ObjC version of output, set implementation file (.m), as header will be generated automatically\nOUTPUT_PATH=\"$BASE_PATH/Localization/Localizations.swift\"\n\n#--------- END OF YOUR CONFIGURATION\n\n# Add permission to generator for script execution\nchmod 755 \"$LAURINE_PATH\"\n\n# Actually generate output. -- CUSTOMIZE -- parameters to your needs (see documentation).\n# Will only re-generate script if something changed\nif [ \"$OUTPUT_PATH\" -ot \"$SOURCE_PATH\" ]; then\n\"$LAURINE_PATH\" -i \"$SOURCE_PATH\" -o \"$OUTPUT_PATH\"\nfi\n\n\n\n";
		};
/* End PBXShellScriptBuildPhase section */

/* Begin PBXSourcesBuildPhase section */
		32A07357205BBFA500415A97 /* Sources */ = {
			isa = PBXSourcesBuildPhase;
			buildActionMask = 2147483647;
			files = (
				E241946B22D9F20F00341DE5 /* MainViewController+WordsLogic.swift in Sources */,
				E28856C4220668CF00DD8C22 /* UITextField+Extensions.swift in Sources */,
				E28856D8220668CF00DD8C22 /* ContactsPickerViewController.swift in Sources */,
				E28856EA220721F600DD8C22 /* WordsListViewController.swift in Sources */,
				E28856DD220668CF00DD8C22 /* DatePickerViewController.swift in Sources */,
				E2010BD321CF118A006D9DD7 /* FillDb.swift in Sources */,
				E28856C2220668CF00DD8C22 /* Common+Extensions.swift in Sources */,
				E28856DC220668CF00DD8C22 /* ColorPickerViewController.swift in Sources */,
				E2A5A9CA22510B2700C257E0 /* StoreViewController.swift in Sources */,
				E28856CE220668CF00DD8C22 /* TwoTextFieldsViewController.swift in Sources */,
				E28856D4220668CF00DD8C22 /* SearchHistoryManager.swift in Sources */,
				E28856CB220668CF00DD8C22 /* PhoneCodeCell.swift in Sources */,
				E28856D6220668CF00DD8C22 /* Address.swift in Sources */,
				E28856BB220668CF00DD8C22 /* UITextView+Extensions.swift in Sources */,
				E22EBF5A2242EBEA0019A36E /* WordHistory+CoreDataClass.swift in Sources */,
				E24391F52103673E00EDE25F /* UIImageView+Extension.swift in Sources */,
				E28856B7220668CF00DD8C22 /* UIViewController+Extensions.swift in Sources */,
				E28856D0220668CF00DD8C22 /* Assets.swift in Sources */,
				E28856E1220668CF00DD8C22 /* TelegramPickerViewController.swift in Sources */,
				E28856DA220668CF00DD8C22 /* Contact.swift in Sources */,
				E28856BF220668CF00DD8C22 /* UIApplication+Extensions.swift in Sources */,
				32A07367205BBFA500415A97 /* learnwords.xcdatamodeld in Sources */,
				E28856D5220668CF00DD8C22 /* Location.swift in Sources */,
				E241946922D9F0B500341DE5 /* MainViewController+IBActions.swift in Sources */,
				E28856DB220668CF00DD8C22 /* ContactCell.swift in Sources */,
				E2E181AC21A42E43001359F8 /* Word+CoreDataClass.swift in Sources */,
				E23B6DDF21A58881000FAAEE /* StatisticsViewController.swift in Sources */,
				E28856D3220668CF00DD8C22 /* LocationPickerViewController.swift in Sources */,
				E28856602206422800DD8C22 /* NewSetViewController.swift in Sources */,
				E2010BCE21CD9154006D9DD7 /* RecordButton.swift in Sources */,
				32A07361205BBFA500415A97 /* MainViewController.swift in Sources */,
				324C841B206E289C00C19329 /* NewWordViewController.swift in Sources */,
				E23B6DDD21A55224000FAAEE /* LanguageSetViewController.swift in Sources */,
				E28856BC220668CF00DD8C22 /* UIColor+Extensions.swift in Sources */,
				E28856CA220668CF00DD8C22 /* LocalePickerViewController.swift in Sources */,
				E28856B6220668CF00DD8C22 /* UIImageView+Extensions.swift in Sources */,
				E28856B8220668CF00DD8C22 /* UIView+Extensions.swift in Sources */,
				E28856CD220668CF00DD8C22 /* CountryCell.swift in Sources */,
				E238686522269AE3000DEEC8 /* LearningLanguageViewController.swift in Sources */,
				E28856BD220668CF00DD8C22 /* UIImage+Extensions.swift in Sources */,
				E2E181AE21A42E43001359F8 /* User+CoreDataClass.swift in Sources */,
				E28856CC220668CF00DD8C22 /* CurrencyCell.swift in Sources */,
				E25DD69F21D8349F0099D543 /* SettingsCell.swift in Sources */,
				E241946722D9EF4C00341DE5 /* MainViewController+SpeechRecognition.swift in Sources */,
				32A0735F205BBFA500415A97 /* AppDelegate.swift in Sources */,
				E25DD6A121D84A690099D543 /* SetsCell.swift in Sources */,
				324C841F206E395900C19329 /* NewWordCell.swift in Sources */,
				E28856E7220668CF00DD8C22 /* TextField.swift in Sources */,
				E28856622206455600DD8C22 /* NewSetCell.swift in Sources */,
				E28856E3220668CF00DD8C22 /* LikeButtonCell.swift in Sources */,
				E28856E8220668CF00DD8C22 /* Button.swift in Sources */,
				E28856D7220668CF00DD8C22 /* PickerViewViewController.swift in Sources */,
				E25853B521B9D28E007DE2BB /* UIView+Extension.swift in Sources */,
				E28856B4220668CF00DD8C22 /* Array+Extensions.swift in Sources */,
				E28856C1220668CF00DD8C22 /* Optional+Extensions.swift in Sources */,
				E28856C3220668CF00DD8C22 /* Locale+Extensions.swift in Sources */,
				E2A5A9C02250F78800C257E0 /* Localizations.swift in Sources */,
				E28856C0220668CF00DD8C22 /* UIAlertController+Extensions.swift in Sources */,
				E28856D2220668CF00DD8C22 /* LocationSearchResultsViewController.swift in Sources */,
				E28856BE220668CF00DD8C22 /* UISearchBar+Extensions.swift in Sources */,
				E28856EC220723E100DD8C22 /* WordsListTableViewCell.swift in Sources */,
				E28856D1220668CF00DD8C22 /* PhotoLibraryPickerViewController.swift in Sources */,
				E28856DF220668CF00DD8C22 /* ItemWithImage.swift in Sources */,
				E2EC61F8206FCD2600317AA2 /* BaseViewController.swift in Sources */,
				E28856CF220668CF00DD8C22 /* OneTextFieldViewController.swift in Sources */,
				E259C30D21D1BEA2005FFB50 /* KeyboardBoundView.swift in Sources */,
				E28856E5220668CF00DD8C22 /* SegmentedControl.swift in Sources */,
				E28856B5220668CF00DD8C22 /* UISegmentedControl+Extensions.swift in Sources */,
				E28856C6220668CF00DD8C22 /* TextViewController.swift in Sources */,
				E28856BA220668CF00DD8C22 /* String+Extensions.swift in Sources */,
				E28856D9220668CF00DD8C22 /* Contacts.swift in Sources */,
				E28856C9220668CF00DD8C22 /* LocaleInfo.swift in Sources */,
				E28856E2220668CF00DD8C22 /* ItemWithPhoto.swift in Sources */,
				E291CCA1206D701E001AD3B1 /* SettingsViewController.swift in Sources */,
				E28856DE220668CF00DD8C22 /* ImagePickerViewController.swift in Sources */,
				E28856E6220668CF00DD8C22 /* GradientSlider.swift in Sources */,
				E28856E0220668CF00DD8C22 /* PhotoLayout.swift in Sources */,
				E28856C8220668CF00DD8C22 /* LocaleStore.swift in Sources */,
				E2A5A9B72250F2DF00C257E0 /* String+Extension.swift in Sources */,
				E28856C5220668CF00DD8C22 /* AttributedTextBlock.swift in Sources */,
				E28856B9220668CF00DD8C22 /* Date+Extension.swift in Sources */,
				E23B6DE121A58C3A000FAAEE /* StatisticsCell.swift in Sources */,
				E28856E4220668CF00DD8C22 /* Label.swift in Sources */,
				E238686322269AD0000DEEC8 /* KnownLanguageViewController.swift in Sources */,
				E2E181AA21A42E43001359F8 /* LanguageSet+CoreDataClass.swift in Sources */,
				E238686722269C69000DEEC8 /* BaseSetViewController.swift in Sources */,
			);
			runOnlyForDeploymentPostprocessing = 0;
		};
/* End PBXSourcesBuildPhase section */

/* Begin PBXVariantGroup section */
		32A07362205BBFA500415A97 /* Main.storyboard */ = {
			isa = PBXVariantGroup;
			children = (
				32A07363205BBFA500415A97 /* Base */,
				E2A5A9C22251039900C257E0 /* pl */,
			);
			name = Main.storyboard;
			sourceTree = "<group>";
		};
		32A0736A205BBFA500415A97 /* LaunchScreen.storyboard */ = {
			isa = PBXVariantGroup;
			children = (
				32A0736B205BBFA500415A97 /* Base */,
				E2A5A9C32251039900C257E0 /* pl */,
			);
			name = LaunchScreen.storyboard;
			sourceTree = "<group>";
		};
		E2A5A9BD2250F78800C257E0 /* Localizable.strings */ = {
			isa = PBXVariantGroup;
			children = (
				E2A5A9BE2250F78800C257E0 /* Base */,
				E2A5A9C4225103AB00C257E0 /* en */,
				E2A5A9C5225103B100C257E0 /* pl */,
			);
			name = Localizable.strings;
			sourceTree = "<group>";
		};
/* End PBXVariantGroup section */

/* Begin XCBuildConfiguration section */
		32A0736E205BBFA500415A97 /* Debug */ = {
			isa = XCBuildConfiguration;
			buildSettings = {
				ALWAYS_SEARCH_USER_PATHS = NO;
				CLANG_ANALYZER_LOCALIZABILITY_NONLOCALIZED = YES;
				CLANG_ANALYZER_NONNULL = YES;
				CLANG_ANALYZER_NUMBER_OBJECT_CONVERSION = YES_AGGRESSIVE;
				CLANG_CXX_LANGUAGE_STANDARD = "gnu++14";
				CLANG_CXX_LIBRARY = "libc++";
				CLANG_ENABLE_MODULES = YES;
				CLANG_ENABLE_OBJC_ARC = YES;
				CLANG_WARN_BLOCK_CAPTURE_AUTORELEASING = YES;
				CLANG_WARN_BOOL_CONVERSION = YES;
				CLANG_WARN_COMMA = YES;
				CLANG_WARN_CONSTANT_CONVERSION = YES;
				CLANG_WARN_DIRECT_OBJC_ISA_USAGE = YES_ERROR;
				CLANG_WARN_DOCUMENTATION_COMMENTS = YES;
				CLANG_WARN_EMPTY_BODY = YES;
				CLANG_WARN_ENUM_CONVERSION = YES;
				CLANG_WARN_INFINITE_RECURSION = YES;
				CLANG_WARN_INT_CONVERSION = YES;
				CLANG_WARN_NON_LITERAL_NULL_CONVERSION = YES;
				CLANG_WARN_OBJC_LITERAL_CONVERSION = YES;
				CLANG_WARN_OBJC_ROOT_CLASS = YES_ERROR;
				CLANG_WARN_RANGE_LOOP_ANALYSIS = YES;
				CLANG_WARN_STRICT_PROTOTYPES = YES;
				CLANG_WARN_SUSPICIOUS_MOVE = YES;
				CLANG_WARN_UNGUARDED_AVAILABILITY = YES_AGGRESSIVE;
				CLANG_WARN_UNREACHABLE_CODE = YES;
				CLANG_WARN__DUPLICATE_METHOD_MATCH = YES;
				CODE_SIGN_IDENTITY = "iPhone Developer";
				COPY_PHASE_STRIP = NO;
				DEBUG_INFORMATION_FORMAT = dwarf;
				ENABLE_STRICT_OBJC_MSGSEND = YES;
				ENABLE_TESTABILITY = YES;
				GCC_C_LANGUAGE_STANDARD = gnu11;
				GCC_DYNAMIC_NO_PIC = NO;
				GCC_NO_COMMON_BLOCKS = YES;
				GCC_OPTIMIZATION_LEVEL = 0;
				GCC_PREPROCESSOR_DEFINITIONS = (
					"DEBUG=1",
					"$(inherited)",
				);
				GCC_WARN_64_TO_32_BIT_CONVERSION = YES;
				GCC_WARN_ABOUT_RETURN_TYPE = YES_ERROR;
				GCC_WARN_UNDECLARED_SELECTOR = YES;
				GCC_WARN_UNINITIALIZED_AUTOS = YES_AGGRESSIVE;
				GCC_WARN_UNUSED_FUNCTION = YES;
				GCC_WARN_UNUSED_VARIABLE = YES;
				IPHONEOS_DEPLOYMENT_TARGET = 11.1;
				MTL_ENABLE_DEBUG_INFO = YES;
				ONLY_ACTIVE_ARCH = YES;
				SDKROOT = iphoneos;
				SWIFT_ACTIVE_COMPILATION_CONDITIONS = DEBUG;
				SWIFT_OPTIMIZATION_LEVEL = "-Onone";
			};
			name = Debug;
		};
		32A0736F205BBFA500415A97 /* Release */ = {
			isa = XCBuildConfiguration;
			buildSettings = {
				ALWAYS_SEARCH_USER_PATHS = NO;
				CLANG_ANALYZER_LOCALIZABILITY_NONLOCALIZED = YES;
				CLANG_ANALYZER_NONNULL = YES;
				CLANG_ANALYZER_NUMBER_OBJECT_CONVERSION = YES_AGGRESSIVE;
				CLANG_CXX_LANGUAGE_STANDARD = "gnu++14";
				CLANG_CXX_LIBRARY = "libc++";
				CLANG_ENABLE_MODULES = YES;
				CLANG_ENABLE_OBJC_ARC = YES;
				CLANG_WARN_BLOCK_CAPTURE_AUTORELEASING = YES;
				CLANG_WARN_BOOL_CONVERSION = YES;
				CLANG_WARN_COMMA = YES;
				CLANG_WARN_CONSTANT_CONVERSION = YES;
				CLANG_WARN_DIRECT_OBJC_ISA_USAGE = YES_ERROR;
				CLANG_WARN_DOCUMENTATION_COMMENTS = YES;
				CLANG_WARN_EMPTY_BODY = YES;
				CLANG_WARN_ENUM_CONVERSION = YES;
				CLANG_WARN_INFINITE_RECURSION = YES;
				CLANG_WARN_INT_CONVERSION = YES;
				CLANG_WARN_NON_LITERAL_NULL_CONVERSION = YES;
				CLANG_WARN_OBJC_LITERAL_CONVERSION = YES;
				CLANG_WARN_OBJC_ROOT_CLASS = YES_ERROR;
				CLANG_WARN_RANGE_LOOP_ANALYSIS = YES;
				CLANG_WARN_STRICT_PROTOTYPES = YES;
				CLANG_WARN_SUSPICIOUS_MOVE = YES;
				CLANG_WARN_UNGUARDED_AVAILABILITY = YES_AGGRESSIVE;
				CLANG_WARN_UNREACHABLE_CODE = YES;
				CLANG_WARN__DUPLICATE_METHOD_MATCH = YES;
				CODE_SIGN_IDENTITY = "iPhone Developer";
				COPY_PHASE_STRIP = NO;
				DEBUG_INFORMATION_FORMAT = "dwarf-with-dsym";
				ENABLE_NS_ASSERTIONS = NO;
				ENABLE_STRICT_OBJC_MSGSEND = YES;
				GCC_C_LANGUAGE_STANDARD = gnu11;
				GCC_NO_COMMON_BLOCKS = YES;
				GCC_WARN_64_TO_32_BIT_CONVERSION = YES;
				GCC_WARN_ABOUT_RETURN_TYPE = YES_ERROR;
				GCC_WARN_UNDECLARED_SELECTOR = YES;
				GCC_WARN_UNINITIALIZED_AUTOS = YES_AGGRESSIVE;
				GCC_WARN_UNUSED_FUNCTION = YES;
				GCC_WARN_UNUSED_VARIABLE = YES;
				IPHONEOS_DEPLOYMENT_TARGET = 11.1;
				MTL_ENABLE_DEBUG_INFO = NO;
				SDKROOT = iphoneos;
				SWIFT_OPTIMIZATION_LEVEL = "-Owholemodule";
				VALIDATE_PRODUCT = YES;
			};
			name = Release;
		};
		32A07371205BBFA500415A97 /* Debug */ = {
			isa = XCBuildConfiguration;
			baseConfigurationReference = 681C92A3F231C14B81EA1AF9 /* Pods-learnwords.debug.xcconfig */;
			buildSettings = {
				ASSETCATALOG_COMPILER_APPICON_NAME = AppIcon;
				CODE_SIGN_STYLE = Automatic;
				DEVELOPMENT_TEAM = ZVAPY9CY9V;
				INFOPLIST_FILE = learnwords/Info.plist;
				LD_RUNPATH_SEARCH_PATHS = "$(inherited) @executable_path/Frameworks";
				PRODUCT_BUNDLE_IDENTIFIER = com.kapala.learnwords;
				PRODUCT_NAME = "$(TARGET_NAME)";
				SWIFT_VERSION = 4.0;
				TARGETED_DEVICE_FAMILY = "1,2";
			};
			name = Debug;
		};
		32A07372205BBFA500415A97 /* Release */ = {
			isa = XCBuildConfiguration;
			baseConfigurationReference = ABDE6CEBB4A42781E69649C6 /* Pods-learnwords.release.xcconfig */;
			buildSettings = {
				ASSETCATALOG_COMPILER_APPICON_NAME = AppIcon;
				CODE_SIGN_STYLE = Automatic;
				DEVELOPMENT_TEAM = ZVAPY9CY9V;
				INFOPLIST_FILE = learnwords/Info.plist;
				LD_RUNPATH_SEARCH_PATHS = "$(inherited) @executable_path/Frameworks";
				PRODUCT_BUNDLE_IDENTIFIER = com.kapala.learnwords;
				PRODUCT_NAME = "$(TARGET_NAME)";
				SWIFT_VERSION = 4.0;
				TARGETED_DEVICE_FAMILY = "1,2";
			};
			name = Release;
		};
/* End XCBuildConfiguration section */

/* Begin XCConfigurationList section */
		32A07356205BBFA500415A97 /* Build configuration list for PBXProject "learnwords" */ = {
			isa = XCConfigurationList;
			buildConfigurations = (
				32A0736E205BBFA500415A97 /* Debug */,
				32A0736F205BBFA500415A97 /* Release */,
			);
			defaultConfigurationIsVisible = 0;
			defaultConfigurationName = Release;
		};
		32A07370205BBFA500415A97 /* Build configuration list for PBXNativeTarget "learnwords" */ = {
			isa = XCConfigurationList;
			buildConfigurations = (
				32A07371205BBFA500415A97 /* Debug */,
				32A07372205BBFA500415A97 /* Release */,
			);
			defaultConfigurationIsVisible = 0;
			defaultConfigurationName = Release;
		};
/* End XCConfigurationList section */

/* Begin XCVersionGroup section */
		32A07365205BBFA500415A97 /* learnwords.xcdatamodeld */ = {
			isa = XCVersionGroup;
			children = (
				E2FD266722C7A131005F8967 /* learnwords 1.7.xcdatamodel */,
				E22EBF572242EB560019A36E /* learnwords 1.6.xcdatamodel */,
				E23868682226A835000DEEC8 /* learnwords 1.5.xcdatamodel */,
				E233634722157EDC0079F2ED /* learnwords 1.4.xcdatamodel */,
				E26BD4A42207685500D683CE /* learnwords 1.3.xcdatamodel */,
				E25DD6A221D84C5B0099D543 /* learnwords 1.2.xcdatamodel */,
				E2998D7821D4D87F00DBEA50 /* learnwords 1.1.xcdatamodel */,
				32A07366205BBFA500415A97 /* learnwords.xcdatamodel */,
			);
			currentVersion = E2FD266722C7A131005F8967 /* learnwords 1.7.xcdatamodel */;
			path = learnwords.xcdatamodeld;
			sourceTree = "<group>";
			versionGroupType = wrapper.xcdatamodel;
		};
/* End XCVersionGroup section */
	};
	rootObject = 32A07353205BBFA500415A97 /* Project object */;
}
