// !$*UTF8*$!
{
	archiveVersion = 1;
	classes = {
	};
	objectVersion = 48;
	objects = {

/* Begin PBXBuildFile section */
		324C841B206E289C00C19329 /* NewWordViewController.swift in Sources */ = {isa = PBXBuildFile; fileRef = 324C841A206E289C00C19329 /* NewWordViewController.swift */; };
		324C841F206E395900C19329 /* NewWordCell.swift in Sources */ = {isa = PBXBuildFile; fileRef = 324C841E206E395900C19329 /* NewWordCell.swift */; };
		32A0735F205BBFA500415A97 /* AppDelegate.swift in Sources */ = {isa = PBXBuildFile; fileRef = 32A0735E205BBFA500415A97 /* AppDelegate.swift */; };
		32A07361205BBFA500415A97 /* MainViewController.swift in Sources */ = {isa = PBXBuildFile; fileRef = 32A07360205BBFA500415A97 /* MainViewController.swift */; };
		32A07364205BBFA500415A97 /* Main.storyboard in Resources */ = {isa = PBXBuildFile; fileRef = 32A07362205BBFA500415A97 /* Main.storyboard */; };
		32A07367205BBFA500415A97 /* learnwords.xcdatamodeld in Sources */ = {isa = PBXBuildFile; fileRef = 32A07365205BBFA500415A97 /* learnwords.xcdatamodeld */; };
		32A07369205BBFA500415A97 /* Assets.xcassets in Resources */ = {isa = PBXBuildFile; fileRef = 32A07368205BBFA500415A97 /* Assets.xcassets */; };
		32A0736C205BBFA500415A97 /* LaunchScreen.storyboard in Resources */ = {isa = PBXBuildFile; fileRef = 32A0736A205BBFA500415A97 /* LaunchScreen.storyboard */; };
		E2010BCE21CD9154006D9DD7 /* RecordButton.swift in Sources */ = {isa = PBXBuildFile; fileRef = E2010BCD21CD9154006D9DD7 /* RecordButton.swift */; };
		E2010BD321CF118A006D9DD7 /* FillDb.swift in Sources */ = {isa = PBXBuildFile; fileRef = E2010BD221CF118A006D9DD7 /* FillDb.swift */; };
		E23B6DDD21A55224000FAAEE /* LanguageSetViewController.swift in Sources */ = {isa = PBXBuildFile; fileRef = E23B6DDC21A55224000FAAEE /* LanguageSetViewController.swift */; };
		E23B6DDF21A58881000FAAEE /* StatisticsViewController.swift in Sources */ = {isa = PBXBuildFile; fileRef = E23B6DDE21A58881000FAAEE /* StatisticsViewController.swift */; };
		E23B6DE121A58C3A000FAAEE /* StatisticsCell.swift in Sources */ = {isa = PBXBuildFile; fileRef = E23B6DE021A58C3A000FAAEE /* StatisticsCell.swift */; };
		E23B6DE421A5A2FE000FAAEE /* polishgermantop1000.txt in Resources */ = {isa = PBXBuildFile; fileRef = E23B6DE221A5A2FD000FAAEE /* polishgermantop1000.txt */; };
		E23B6DE521A5A2FE000FAAEE /* germanpolishtop1000.txt in Resources */ = {isa = PBXBuildFile; fileRef = E23B6DE321A5A2FE000FAAEE /* germanpolishtop1000.txt */; };
		E24391F52103673E00EDE25F /* UIImageView+Extension.swift in Sources */ = {isa = PBXBuildFile; fileRef = E24391F42103673E00EDE25F /* UIImageView+Extension.swift */; };
		E2505A5B20F6B6D700F70E49 /* germanenglishtop1000.txt in Resources */ = {isa = PBXBuildFile; fileRef = E2505A5A20F6B6D700F70E49 /* germanenglishtop1000.txt */; };
		E25853B521B9D28E007DE2BB /* UIView+Extension.swift in Sources */ = {isa = PBXBuildFile; fileRef = E25853B421B9D28E007DE2BB /* UIView+Extension.swift */; };
		E259C30D21D1BEA2005FFB50 /* KeyboardBoundView.swift in Sources */ = {isa = PBXBuildFile; fileRef = E259C30C21D1BEA2005FFB50 /* KeyboardBoundView.swift */; };
		E25DD69F21D8349F0099D543 /* SettingsCell.swift in Sources */ = {isa = PBXBuildFile; fileRef = E25DD69E21D8349F0099D543 /* SettingsCell.swift */; };
		E291CCA1206D701E001AD3B1 /* SettingsViewController.swift in Sources */ = {isa = PBXBuildFile; fileRef = E291CCA0206D701E001AD3B1 /* SettingsViewController.swift */; };
		E2E181A321A42DB5001359F8 /* frenchenglishtop1000.txt in Resources */ = {isa = PBXBuildFile; fileRef = E2E181A221A42DB5001359F8 /* frenchenglishtop1000.txt */; };
		E2E181AA21A42E43001359F8 /* LanguageSet+CoreDataClass.swift in Sources */ = {isa = PBXBuildFile; fileRef = E2E181A421A42E43001359F8 /* LanguageSet+CoreDataClass.swift */; };
		E2E181AC21A42E43001359F8 /* Word+CoreDataClass.swift in Sources */ = {isa = PBXBuildFile; fileRef = E2E181A621A42E43001359F8 /* Word+CoreDataClass.swift */; };
		E2E181AE21A42E43001359F8 /* User+CoreDataClass.swift in Sources */ = {isa = PBXBuildFile; fileRef = E2E181A821A42E43001359F8 /* User+CoreDataClass.swift */; };
		E2EC61F8206FCD2600317AA2 /* BaseViewController.swift in Sources */ = {isa = PBXBuildFile; fileRef = E2EC61F7206FCD2600317AA2 /* BaseViewController.swift */; };
/* End PBXBuildFile section */

/* Begin PBXFileReference section */
		324C841A206E289C00C19329 /* NewWordViewController.swift */ = {isa = PBXFileReference; lastKnownFileType = sourcecode.swift; path = NewWordViewController.swift; sourceTree = "<group>"; };
		324C841E206E395900C19329 /* NewWordCell.swift */ = {isa = PBXFileReference; lastKnownFileType = sourcecode.swift; path = NewWordCell.swift; sourceTree = "<group>"; };
		32A0735B205BBFA500415A97 /* learnwords.app */ = {isa = PBXFileReference; explicitFileType = wrapper.application; includeInIndex = 0; path = learnwords.app; sourceTree = BUILT_PRODUCTS_DIR; };
		32A0735E205BBFA500415A97 /* AppDelegate.swift */ = {isa = PBXFileReference; lastKnownFileType = sourcecode.swift; path = AppDelegate.swift; sourceTree = "<group>"; };
		32A07360205BBFA500415A97 /* MainViewController.swift */ = {isa = PBXFileReference; lastKnownFileType = sourcecode.swift; path = MainViewController.swift; sourceTree = "<group>"; };
		32A07363205BBFA500415A97 /* Base */ = {isa = PBXFileReference; lastKnownFileType = file.storyboard; name = Base; path = Base.lproj/Main.storyboard; sourceTree = "<group>"; };
		32A07366205BBFA500415A97 /* learnwords.xcdatamodel */ = {isa = PBXFileReference; lastKnownFileType = wrapper.xcdatamodel; path = learnwords.xcdatamodel; sourceTree = "<group>"; };
		32A07368205BBFA500415A97 /* Assets.xcassets */ = {isa = PBXFileReference; lastKnownFileType = folder.assetcatalog; path = Assets.xcassets; sourceTree = "<group>"; };
		32A0736B205BBFA500415A97 /* Base */ = {isa = PBXFileReference; lastKnownFileType = file.storyboard; name = Base; path = Base.lproj/LaunchScreen.storyboard; sourceTree = "<group>"; };
		32A0736D205BBFA500415A97 /* Info.plist */ = {isa = PBXFileReference; lastKnownFileType = text.plist.xml; path = Info.plist; sourceTree = "<group>"; };
		E2010BCD21CD9154006D9DD7 /* RecordButton.swift */ = {isa = PBXFileReference; lastKnownFileType = sourcecode.swift; path = RecordButton.swift; sourceTree = "<group>"; };
		E2010BD221CF118A006D9DD7 /* FillDb.swift */ = {isa = PBXFileReference; lastKnownFileType = sourcecode.swift; path = FillDb.swift; sourceTree = "<group>"; };
		E23B6DDC21A55224000FAAEE /* LanguageSetViewController.swift */ = {isa = PBXFileReference; lastKnownFileType = sourcecode.swift; path = LanguageSetViewController.swift; sourceTree = "<group>"; };
		E23B6DDE21A58881000FAAEE /* StatisticsViewController.swift */ = {isa = PBXFileReference; lastKnownFileType = sourcecode.swift; path = StatisticsViewController.swift; sourceTree = "<group>"; };
		E23B6DE021A58C3A000FAAEE /* StatisticsCell.swift */ = {isa = PBXFileReference; lastKnownFileType = sourcecode.swift; path = StatisticsCell.swift; sourceTree = "<group>"; };
		E23B6DE221A5A2FD000FAAEE /* polishgermantop1000.txt */ = {isa = PBXFileReference; fileEncoding = 4; lastKnownFileType = text; path = polishgermantop1000.txt; sourceTree = "<group>"; };
		E23B6DE321A5A2FE000FAAEE /* germanpolishtop1000.txt */ = {isa = PBXFileReference; fileEncoding = 4; lastKnownFileType = text; path = germanpolishtop1000.txt; sourceTree = "<group>"; };
		E24391F42103673E00EDE25F /* UIImageView+Extension.swift */ = {isa = PBXFileReference; lastKnownFileType = sourcecode.swift; path = "UIImageView+Extension.swift"; sourceTree = "<group>"; };
		E2505A5A20F6B6D700F70E49 /* germanenglishtop1000.txt */ = {isa = PBXFileReference; fileEncoding = 4; lastKnownFileType = text; path = germanenglishtop1000.txt; sourceTree = "<group>"; };
		E25853B421B9D28E007DE2BB /* UIView+Extension.swift */ = {isa = PBXFileReference; lastKnownFileType = sourcecode.swift; path = "UIView+Extension.swift"; sourceTree = "<group>"; };
		E259C30C21D1BEA2005FFB50 /* KeyboardBoundView.swift */ = {isa = PBXFileReference; fileEncoding = 4; lastKnownFileType = sourcecode.swift; path = KeyboardBoundView.swift; sourceTree = "<group>"; };
		E25DD69E21D8349F0099D543 /* SettingsCell.swift */ = {isa = PBXFileReference; lastKnownFileType = sourcecode.swift; path = SettingsCell.swift; sourceTree = "<group>"; };
		E291CCA0206D701E001AD3B1 /* SettingsViewController.swift */ = {isa = PBXFileReference; lastKnownFileType = sourcecode.swift; path = SettingsViewController.swift; sourceTree = "<group>"; };
		E2998D7821D4D87F00DBEA50 /* learnwords 1.1.xcdatamodel */ = {isa = PBXFileReference; lastKnownFileType = wrapper.xcdatamodel; path = "learnwords 1.1.xcdatamodel"; sourceTree = "<group>"; };
		E2E181A221A42DB5001359F8 /* frenchenglishtop1000.txt */ = {isa = PBXFileReference; fileEncoding = 4; lastKnownFileType = text; path = frenchenglishtop1000.txt; sourceTree = "<group>"; };
		E2E181A421A42E43001359F8 /* LanguageSet+CoreDataClass.swift */ = {isa = PBXFileReference; lastKnownFileType = sourcecode.swift; path = "LanguageSet+CoreDataClass.swift"; sourceTree = "<group>"; };
		E2E181A621A42E43001359F8 /* Word+CoreDataClass.swift */ = {isa = PBXFileReference; lastKnownFileType = sourcecode.swift; path = "Word+CoreDataClass.swift"; sourceTree = "<group>"; };
		E2E181A821A42E43001359F8 /* User+CoreDataClass.swift */ = {isa = PBXFileReference; lastKnownFileType = sourcecode.swift; path = "User+CoreDataClass.swift"; sourceTree = "<group>"; };
		E2EC61F7206FCD2600317AA2 /* BaseViewController.swift */ = {isa = PBXFileReference; lastKnownFileType = sourcecode.swift; path = BaseViewController.swift; sourceTree = "<group>"; };
/* End PBXFileReference section */

/* Begin PBXFrameworksBuildPhase section */
		32A07358205BBFA500415A97 /* Frameworks */ = {
			isa = PBXFrameworksBuildPhase;
			buildActionMask = 2147483647;
			files = (
			);
			runOnlyForDeploymentPostprocessing = 0;
		};
/* End PBXFrameworksBuildPhase section */

/* Begin PBXGroup section */
		32A07352205BBFA500415A97 = {
			isa = PBXGroup;
			children = (
				32A0735D205BBFA500415A97 /* learnwords */,
				32A0735C205BBFA500415A97 /* Products */,
			);
			sourceTree = "<group>";
		};
		32A0735C205BBFA500415A97 /* Products */ = {
			isa = PBXGroup;
			children = (
				32A0735B205BBFA500415A97 /* learnwords.app */,
			);
			name = Products;
			sourceTree = "<group>";
		};
		32A0735D205BBFA500415A97 /* learnwords */ = {
			isa = PBXGroup;
			children = (
				E24391F7210367C500EDE25F /* Model */,
				E2010BD021CF0F6C006D9DD7 /* View */,
				E2010BCF21CF0F66006D9DD7 /* Controller */,
				E24391F8210367CD00EDE25F /* Resources */,
				E2010BD121CF1170006D9DD7 /* Helpers */,
				E24391F32103672C00EDE25F /* Extensions */,
				32A0735E205BBFA500415A97 /* AppDelegate.swift */,
				32A0736D205BBFA500415A97 /* Info.plist */,
				E2505A5C20F6BD1000F70E49 /* languages */,
			);
			path = learnwords;
			sourceTree = "<group>";
		};
		E2010BCF21CF0F66006D9DD7 /* Controller */ = {
			isa = PBXGroup;
			children = (
				E2EC61F7206FCD2600317AA2 /* BaseViewController.swift */,
				32A07360205BBFA500415A97 /* MainViewController.swift */,
				E291CCA0206D701E001AD3B1 /* SettingsViewController.swift */,
				E23B6DDC21A55224000FAAEE /* LanguageSetViewController.swift */,
				E23B6DDE21A58881000FAAEE /* StatisticsViewController.swift */,
				324C841A206E289C00C19329 /* NewWordViewController.swift */,
			);
			path = Controller;
			sourceTree = "<group>";
		};
		E2010BD021CF0F6C006D9DD7 /* View */ = {
			isa = PBXGroup;
			children = (
				E2010BCD21CD9154006D9DD7 /* RecordButton.swift */,
				E23B6DE021A58C3A000FAAEE /* StatisticsCell.swift */,
				324C841E206E395900C19329 /* NewWordCell.swift */,
				E25DD69E21D8349F0099D543 /* SettingsCell.swift */,
			);
			path = View;
			sourceTree = "<group>";
		};
		E2010BD121CF1170006D9DD7 /* Helpers */ = {
			isa = PBXGroup;
			children = (
				E2010BD221CF118A006D9DD7 /* FillDb.swift */,
			);
			path = Helpers;
			sourceTree = "<group>";
		};
		E24391F32103672C00EDE25F /* Extensions */ = {
			isa = PBXGroup;
			children = (
				E24391F42103673E00EDE25F /* UIImageView+Extension.swift */,
				E25853B421B9D28E007DE2BB /* UIView+Extension.swift */,
				E259C30C21D1BEA2005FFB50 /* KeyboardBoundView.swift */,
			);
			path = Extensions;
			sourceTree = "<group>";
		};
		E24391F7210367C500EDE25F /* Model */ = {
			isa = PBXGroup;
			children = (
				32A07365205BBFA500415A97 /* learnwords.xcdatamodeld */,
				E2E181A421A42E43001359F8 /* LanguageSet+CoreDataClass.swift */,
				E2E181A621A42E43001359F8 /* Word+CoreDataClass.swift */,
				E2E181A821A42E43001359F8 /* User+CoreDataClass.swift */,
			);
			path = Model;
			sourceTree = "<group>";
		};
		E24391F8210367CD00EDE25F /* Resources */ = {
			isa = PBXGroup;
			children = (
				32A07362205BBFA500415A97 /* Main.storyboard */,
				32A0736A205BBFA500415A97 /* LaunchScreen.storyboard */,
				32A07368205BBFA500415A97 /* Assets.xcassets */,
			);
			path = Resources;
			sourceTree = "<group>";
		};
		E2505A5C20F6BD1000F70E49 /* languages */ = {
			isa = PBXGroup;
			children = (
				E2E181A221A42DB5001359F8 /* frenchenglishtop1000.txt */,
				E2505A5A20F6B6D700F70E49 /* germanenglishtop1000.txt */,
				E23B6DE321A5A2FE000FAAEE /* germanpolishtop1000.txt */,
				E23B6DE221A5A2FD000FAAEE /* polishgermantop1000.txt */,
			);
			path = languages;
			sourceTree = "<group>";
		};
/* End PBXGroup section */

/* Begin PBXNativeTarget section */
		32A0735A205BBFA500415A97 /* learnwords */ = {
			isa = PBXNativeTarget;
			buildConfigurationList = 32A07370205BBFA500415A97 /* Build configuration list for PBXNativeTarget "learnwords" */;
			buildPhases = (
				32A07357205BBFA500415A97 /* Sources */,
				32A07358205BBFA500415A97 /* Frameworks */,
				32A07359205BBFA500415A97 /* Resources */,
			);
			buildRules = (
			);
			dependencies = (
			);
			name = learnwords;
			productName = learnwords;
			productReference = 32A0735B205BBFA500415A97 /* learnwords.app */;
			productType = "com.apple.product-type.application";
		};
/* End PBXNativeTarget section */

/* Begin PBXProject section */
		32A07353205BBFA500415A97 /* Project object */ = {
			isa = PBXProject;
			attributes = {
				LastSwiftUpdateCheck = 0910;
				LastUpgradeCheck = 0910;
				ORGANIZATIONNAME = kapala;
				TargetAttributes = {
					32A0735A205BBFA500415A97 = {
						CreatedOnToolsVersion = 9.1;
						ProvisioningStyle = Automatic;
					};
				};
			};
			buildConfigurationList = 32A07356205BBFA500415A97 /* Build configuration list for PBXProject "learnwords" */;
			compatibilityVersion = "Xcode 8.0";
			developmentRegion = en;
			hasScannedForEncodings = 0;
			knownRegions = (
				en,
				Base,
			);
			mainGroup = 32A07352205BBFA500415A97;
			productRefGroup = 32A0735C205BBFA500415A97 /* Products */;
			projectDirPath = "";
			projectRoot = "";
			targets = (
				32A0735A205BBFA500415A97 /* learnwords */,
			);
		};
/* End PBXProject section */

/* Begin PBXResourcesBuildPhase section */
		32A07359205BBFA500415A97 /* Resources */ = {
			isa = PBXResourcesBuildPhase;
			buildActionMask = 2147483647;
			files = (
				32A0736C205BBFA500415A97 /* LaunchScreen.storyboard in Resources */,
				32A07369205BBFA500415A97 /* Assets.xcassets in Resources */,
				E2505A5B20F6B6D700F70E49 /* germanenglishtop1000.txt in Resources */,
				32A07364205BBFA500415A97 /* Main.storyboard in Resources */,
				E23B6DE421A5A2FE000FAAEE /* polishgermantop1000.txt in Resources */,
				E2E181A321A42DB5001359F8 /* frenchenglishtop1000.txt in Resources */,
				E23B6DE521A5A2FE000FAAEE /* germanpolishtop1000.txt in Resources */,
			);
			runOnlyForDeploymentPostprocessing = 0;
		};
/* End PBXResourcesBuildPhase section */

/* Begin PBXSourcesBuildPhase section */
		32A07357205BBFA500415A97 /* Sources */ = {
			isa = PBXSourcesBuildPhase;
			buildActionMask = 2147483647;
			files = (
				E2010BD321CF118A006D9DD7 /* FillDb.swift in Sources */,
				E24391F52103673E00EDE25F /* UIImageView+Extension.swift in Sources */,
				32A07367205BBFA500415A97 /* learnwords.xcdatamodeld in Sources */,
				E2E181AC21A42E43001359F8 /* Word+CoreDataClass.swift in Sources */,
				E23B6DDF21A58881000FAAEE /* StatisticsViewController.swift in Sources */,
				E2010BCE21CD9154006D9DD7 /* RecordButton.swift in Sources */,
				32A07361205BBFA500415A97 /* MainViewController.swift in Sources */,
				324C841B206E289C00C19329 /* NewWordViewController.swift in Sources */,
				E23B6DDD21A55224000FAAEE /* LanguageSetViewController.swift in Sources */,
				E2E181AE21A42E43001359F8 /* User+CoreDataClass.swift in Sources */,
				E25DD69F21D8349F0099D543 /* SettingsCell.swift in Sources */,
				32A0735F205BBFA500415A97 /* AppDelegate.swift in Sources */,
				324C841F206E395900C19329 /* NewWordCell.swift in Sources */,
				E25853B521B9D28E007DE2BB /* UIView+Extension.swift in Sources */,
				E2EC61F8206FCD2600317AA2 /* BaseViewController.swift in Sources */,
				E259C30D21D1BEA2005FFB50 /* KeyboardBoundView.swift in Sources */,
				E291CCA1206D701E001AD3B1 /* SettingsViewController.swift in Sources */,
				E23B6DE121A58C3A000FAAEE /* StatisticsCell.swift in Sources */,
				E2E181AA21A42E43001359F8 /* LanguageSet+CoreDataClass.swift in Sources */,
			);
			runOnlyForDeploymentPostprocessing = 0;
		};
/* End PBXSourcesBuildPhase section */

/* Begin PBXVariantGroup section */
		32A07362205BBFA500415A97 /* Main.storyboard */ = {
			isa = PBXVariantGroup;
			children = (
				32A07363205BBFA500415A97 /* Base */,
			);
			name = Main.storyboard;
			sourceTree = "<group>";
		};
		32A0736A205BBFA500415A97 /* LaunchScreen.storyboard */ = {
			isa = PBXVariantGroup;
			children = (
				32A0736B205BBFA500415A97 /* Base */,
			);
			name = LaunchScreen.storyboard;
			sourceTree = "<group>";
		};
/* End PBXVariantGroup section */

/* Begin XCBuildConfiguration section */
		32A0736E205BBFA500415A97 /* Debug */ = {
			isa = XCBuildConfiguration;
			buildSettings = {
				ALWAYS_SEARCH_USER_PATHS = NO;
				CLANG_ANALYZER_NONNULL = YES;
				CLANG_ANALYZER_NUMBER_OBJECT_CONVERSION = YES_AGGRESSIVE;
				CLANG_CXX_LANGUAGE_STANDARD = "gnu++14";
				CLANG_CXX_LIBRARY = "libc++";
				CLANG_ENABLE_MODULES = YES;
				CLANG_ENABLE_OBJC_ARC = YES;
				CLANG_WARN_BLOCK_CAPTURE_AUTORELEASING = YES;
				CLANG_WARN_BOOL_CONVERSION = YES;
				CLANG_WARN_COMMA = YES;
				CLANG_WARN_CONSTANT_CONVERSION = YES;
				CLANG_WARN_DIRECT_OBJC_ISA_USAGE = YES_ERROR;
				CLANG_WARN_DOCUMENTATION_COMMENTS = YES;
				CLANG_WARN_EMPTY_BODY = YES;
				CLANG_WARN_ENUM_CONVERSION = YES;
				CLANG_WARN_INFINITE_RECURSION = YES;
				CLANG_WARN_INT_CONVERSION = YES;
				CLANG_WARN_NON_LITERAL_NULL_CONVERSION = YES;
				CLANG_WARN_OBJC_LITERAL_CONVERSION = YES;
				CLANG_WARN_OBJC_ROOT_CLASS = YES_ERROR;
				CLANG_WARN_RANGE_LOOP_ANALYSIS = YES;
				CLANG_WARN_STRICT_PROTOTYPES = YES;
				CLANG_WARN_SUSPICIOUS_MOVE = YES;
				CLANG_WARN_UNGUARDED_AVAILABILITY = YES_AGGRESSIVE;
				CLANG_WARN_UNREACHABLE_CODE = YES;
				CLANG_WARN__DUPLICATE_METHOD_MATCH = YES;
				CODE_SIGN_IDENTITY = "iPhone Developer";
				COPY_PHASE_STRIP = NO;
				DEBUG_INFORMATION_FORMAT = dwarf;
				ENABLE_STRICT_OBJC_MSGSEND = YES;
				ENABLE_TESTABILITY = YES;
				GCC_C_LANGUAGE_STANDARD = gnu11;
				GCC_DYNAMIC_NO_PIC = NO;
				GCC_NO_COMMON_BLOCKS = YES;
				GCC_OPTIMIZATION_LEVEL = 0;
				GCC_PREPROCESSOR_DEFINITIONS = (
					"DEBUG=1",
					"$(inherited)",
				);
				GCC_WARN_64_TO_32_BIT_CONVERSION = YES;
				GCC_WARN_ABOUT_RETURN_TYPE = YES_ERROR;
				GCC_WARN_UNDECLARED_SELECTOR = YES;
				GCC_WARN_UNINITIALIZED_AUTOS = YES_AGGRESSIVE;
				GCC_WARN_UNUSED_FUNCTION = YES;
				GCC_WARN_UNUSED_VARIABLE = YES;
				IPHONEOS_DEPLOYMENT_TARGET = 11.1;
				MTL_ENABLE_DEBUG_INFO = YES;
				ONLY_ACTIVE_ARCH = YES;
				SDKROOT = iphoneos;
				SWIFT_ACTIVE_COMPILATION_CONDITIONS = DEBUG;
				SWIFT_OPTIMIZATION_LEVEL = "-Onone";
			};
			name = Debug;
		};
		32A0736F205BBFA500415A97 /* Release */ = {
			isa = XCBuildConfiguration;
			buildSettings = {
				ALWAYS_SEARCH_USER_PATHS = NO;
				CLANG_ANALYZER_NONNULL = YES;
				CLANG_ANALYZER_NUMBER_OBJECT_CONVERSION = YES_AGGRESSIVE;
				CLANG_CXX_LANGUAGE_STANDARD = "gnu++14";
				CLANG_CXX_LIBRARY = "libc++";
				CLANG_ENABLE_MODULES = YES;
				CLANG_ENABLE_OBJC_ARC = YES;
				CLANG_WARN_BLOCK_CAPTURE_AUTORELEASING = YES;
				CLANG_WARN_BOOL_CONVERSION = YES;
				CLANG_WARN_COMMA = YES;
				CLANG_WARN_CONSTANT_CONVERSION = YES;
				CLANG_WARN_DIRECT_OBJC_ISA_USAGE = YES_ERROR;
				CLANG_WARN_DOCUMENTATION_COMMENTS = YES;
				CLANG_WARN_EMPTY_BODY = YES;
				CLANG_WARN_ENUM_CONVERSION = YES;
				CLANG_WARN_INFINITE_RECURSION = YES;
				CLANG_WARN_INT_CONVERSION = YES;
				CLANG_WARN_NON_LITERAL_NULL_CONVERSION = YES;
				CLANG_WARN_OBJC_LITERAL_CONVERSION = YES;
				CLANG_WARN_OBJC_ROOT_CLASS = YES_ERROR;
				CLANG_WARN_RANGE_LOOP_ANALYSIS = YES;
				CLANG_WARN_STRICT_PROTOTYPES = YES;
				CLANG_WARN_SUSPICIOUS_MOVE = YES;
				CLANG_WARN_UNGUARDED_AVAILABILITY = YES_AGGRESSIVE;
				CLANG_WARN_UNREACHABLE_CODE = YES;
				CLANG_WARN__DUPLICATE_METHOD_MATCH = YES;
				CODE_SIGN_IDENTITY = "iPhone Developer";
				COPY_PHASE_STRIP = NO;
				DEBUG_INFORMATION_FORMAT = "dwarf-with-dsym";
				ENABLE_NS_ASSERTIONS = NO;
				ENABLE_STRICT_OBJC_MSGSEND = YES;
				GCC_C_LANGUAGE_STANDARD = gnu11;
				GCC_NO_COMMON_BLOCKS = YES;
				GCC_WARN_64_TO_32_BIT_CONVERSION = YES;
				GCC_WARN_ABOUT_RETURN_TYPE = YES_ERROR;
				GCC_WARN_UNDECLARED_SELECTOR = YES;
				GCC_WARN_UNINITIALIZED_AUTOS = YES_AGGRESSIVE;
				GCC_WARN_UNUSED_FUNCTION = YES;
				GCC_WARN_UNUSED_VARIABLE = YES;
				IPHONEOS_DEPLOYMENT_TARGET = 11.1;
				MTL_ENABLE_DEBUG_INFO = NO;
				SDKROOT = iphoneos;
				SWIFT_OPTIMIZATION_LEVEL = "-Owholemodule";
				VALIDATE_PRODUCT = YES;
			};
			name = Release;
		};
		32A07371205BBFA500415A97 /* Debug */ = {
			isa = XCBuildConfiguration;
			buildSettings = {
				ASSETCATALOG_COMPILER_APPICON_NAME = AppIcon;
				CODE_SIGN_STYLE = Automatic;
				DEVELOPMENT_TEAM = W2457BUSA4;
				INFOPLIST_FILE = learnwords/Info.plist;
				LD_RUNPATH_SEARCH_PATHS = "$(inherited) @executable_path/Frameworks";
				PRODUCT_BUNDLE_IDENTIFIER = com.kapala.learnwords;
				PRODUCT_NAME = "$(TARGET_NAME)";
				SWIFT_VERSION = 4.0;
				TARGETED_DEVICE_FAMILY = "1,2";
			};
			name = Debug;
		};
		32A07372205BBFA500415A97 /* Release */ = {
			isa = XCBuildConfiguration;
			buildSettings = {
				ASSETCATALOG_COMPILER_APPICON_NAME = AppIcon;
				CODE_SIGN_STYLE = Automatic;
				DEVELOPMENT_TEAM = W2457BUSA4;
				INFOPLIST_FILE = learnwords/Info.plist;
				LD_RUNPATH_SEARCH_PATHS = "$(inherited) @executable_path/Frameworks";
				PRODUCT_BUNDLE_IDENTIFIER = com.kapala.learnwords;
				PRODUCT_NAME = "$(TARGET_NAME)";
				SWIFT_VERSION = 4.0;
				TARGETED_DEVICE_FAMILY = "1,2";
			};
			name = Release;
		};
/* End XCBuildConfiguration section */

/* Begin XCConfigurationList section */
		32A07356205BBFA500415A97 /* Build configuration list for PBXProject "learnwords" */ = {
			isa = XCConfigurationList;
			buildConfigurations = (
				32A0736E205BBFA500415A97 /* Debug */,
				32A0736F205BBFA500415A97 /* Release */,
			);
			defaultConfigurationIsVisible = 0;
			defaultConfigurationName = Release;
		};
		32A07370205BBFA500415A97 /* Build configuration list for PBXNativeTarget "learnwords" */ = {
			isa = XCConfigurationList;
			buildConfigurations = (
				32A07371205BBFA500415A97 /* Debug */,
				32A07372205BBFA500415A97 /* Release */,
			);
			defaultConfigurationIsVisible = 0;
			defaultConfigurationName = Release;
		};
/* End XCConfigurationList section */

/* Begin XCVersionGroup section */
		32A07365205BBFA500415A97 /* learnwords.xcdatamodeld */ = {
			isa = XCVersionGroup;
			children = (
				E2998D7821D4D87F00DBEA50 /* learnwords 1.1.xcdatamodel */,
				32A07366205BBFA500415A97 /* learnwords.xcdatamodel */,
			);
			currentVersion = E2998D7821D4D87F00DBEA50 /* learnwords 1.1.xcdatamodel */;
			path = learnwords.xcdatamodeld;
			sourceTree = "<group>";
			versionGroupType = wrapper.xcdatamodel;
		};
/* End XCVersionGroup section */
	};
	rootObject = 32A07353205BBFA500415A97 /* Project object */;
}
