// !$*UTF8*$!
{
	archiveVersion = 1;
	classes = {
	};
	objectVersion = 48;
	objects = {

/* Begin PBXBuildFile section */
		324C841B206E289C00C19329 /* NewWordViewController.swift in Sources */ = {isa = PBXBuildFile; fileRef = 324C841A206E289C00C19329 /* NewWordViewController.swift */; };
		324C841D206E28F000C19329 /* BaseNavBarViewController.swift in Sources */ = {isa = PBXBuildFile; fileRef = 324C841C206E28F000C19329 /* BaseNavBarViewController.swift */; };
		324C841F206E395900C19329 /* NewWordCell.swift in Sources */ = {isa = PBXBuildFile; fileRef = 324C841E206E395900C19329 /* NewWordCell.swift */; };
		32A0735F205BBFA500415A97 /* AppDelegate.swift in Sources */ = {isa = PBXBuildFile; fileRef = 32A0735E205BBFA500415A97 /* AppDelegate.swift */; };
		32A07361205BBFA500415A97 /* MainViewController.swift in Sources */ = {isa = PBXBuildFile; fileRef = 32A07360205BBFA500415A97 /* MainViewController.swift */; };
		32A07364205BBFA500415A97 /* Main.storyboard in Resources */ = {isa = PBXBuildFile; fileRef = 32A07362205BBFA500415A97 /* Main.storyboard */; };
		32A07367205BBFA500415A97 /* learnwords.xcdatamodeld in Sources */ = {isa = PBXBuildFile; fileRef = 32A07365205BBFA500415A97 /* learnwords.xcdatamodeld */; };
		32A07369205BBFA500415A97 /* Assets.xcassets in Resources */ = {isa = PBXBuildFile; fileRef = 32A07368205BBFA500415A97 /* Assets.xcassets */; };
		32A0736C205BBFA500415A97 /* LaunchScreen.storyboard in Resources */ = {isa = PBXBuildFile; fileRef = 32A0736A205BBFA500415A97 /* LaunchScreen.storyboard */; };
		E291CCA1206D701E001AD3B1 /* SettingsViewController.swift in Sources */ = {isa = PBXBuildFile; fileRef = E291CCA0206D701E001AD3B1 /* SettingsViewController.swift */; };
		E2EC61F8206FCD2600317AA2 /* BaseViewController.swift in Sources */ = {isa = PBXBuildFile; fileRef = E2EC61F7206FCD2600317AA2 /* BaseViewController.swift */; };
/* End PBXBuildFile section */

/* Begin PBXFileReference section */
		324C841A206E289C00C19329 /* NewWordViewController.swift */ = {isa = PBXFileReference; lastKnownFileType = sourcecode.swift; path = NewWordViewController.swift; sourceTree = "<group>"; };
		324C841C206E28F000C19329 /* BaseNavBarViewController.swift */ = {isa = PBXFileReference; lastKnownFileType = sourcecode.swift; path = BaseNavBarViewController.swift; sourceTree = "<group>"; };
		324C841E206E395900C19329 /* NewWordCell.swift */ = {isa = PBXFileReference; lastKnownFileType = sourcecode.swift; path = NewWordCell.swift; sourceTree = "<group>"; };
		32A0735B205BBFA500415A97 /* learnwords.app */ = {isa = PBXFileReference; explicitFileType = wrapper.application; includeInIndex = 0; path = learnwords.app; sourceTree = BUILT_PRODUCTS_DIR; };
		32A0735E205BBFA500415A97 /* AppDelegate.swift */ = {isa = PBXFileReference; lastKnownFileType = sourcecode.swift; path = AppDelegate.swift; sourceTree = "<group>"; };
		32A07360205BBFA500415A97 /* MainViewController.swift */ = {isa = PBXFileReference; lastKnownFileType = sourcecode.swift; path = MainViewController.swift; sourceTree = "<group>"; };
		32A07363205BBFA500415A97 /* Base */ = {isa = PBXFileReference; lastKnownFileType = file.storyboard; name = Base; path = Base.lproj/Main.storyboard; sourceTree = "<group>"; };
		32A07366205BBFA500415A97 /* learnwords.xcdatamodel */ = {isa = PBXFileReference; lastKnownFileType = wrapper.xcdatamodel; path = learnwords.xcdatamodel; sourceTree = "<group>"; };
		32A07368205BBFA500415A97 /* Assets.xcassets */ = {isa = PBXFileReference; lastKnownFileType = folder.assetcatalog; path = Assets.xcassets; sourceTree = "<group>"; };
		32A0736B205BBFA500415A97 /* Base */ = {isa = PBXFileReference; lastKnownFileType = file.storyboard; name = Base; path = Base.lproj/LaunchScreen.storyboard; sourceTree = "<group>"; };
		32A0736D205BBFA500415A97 /* Info.plist */ = {isa = PBXFileReference; lastKnownFileType = text.plist.xml; path = Info.plist; sourceTree = "<group>"; };
		E291CCA0206D701E001AD3B1 /* SettingsViewController.swift */ = {isa = PBXFileReference; lastKnownFileType = sourcecode.swift; path = SettingsViewController.swift; sourceTree = "<group>"; };
		E2EC61F7206FCD2600317AA2 /* BaseViewController.swift */ = {isa = PBXFileReference; lastKnownFileType = sourcecode.swift; path = BaseViewController.swift; sourceTree = "<group>"; };
/* End PBXFileReference section */

/* Begin PBXFrameworksBuildPhase section */
		32A07358205BBFA500415A97 /* Frameworks */ = {
			isa = PBXFrameworksBuildPhase;
			buildActionMask = 2147483647;
			files = (
			);
			runOnlyForDeploymentPostprocessing = 0;
		};
/* End PBXFrameworksBuildPhase section */

/* Begin PBXGroup section */
		32A07352205BBFA500415A97 = {
			isa = PBXGroup;
			children = (
				32A0735D205BBFA500415A97 /* learnwords */,
				32A0735C205BBFA500415A97 /* Products */,
			);
			sourceTree = "<group>";
		};
		32A0735C205BBFA500415A97 /* Products */ = {
			isa = PBXGroup;
			children = (
				32A0735B205BBFA500415A97 /* learnwords.app */,
			);
			name = Products;
			sourceTree = "<group>";
		};
		32A0735D205BBFA500415A97 /* learnwords */ = {
			isa = PBXGroup;
			children = (
				32A0735E205BBFA500415A97 /* AppDelegate.swift */,
				E2EC61F7206FCD2600317AA2 /* BaseViewController.swift */,
				32A07360205BBFA500415A97 /* MainViewController.swift */,
				324C841C206E28F000C19329 /* BaseNavBarViewController.swift */,
				E291CCA0206D701E001AD3B1 /* SettingsViewController.swift */,
				324C841A206E289C00C19329 /* NewWordViewController.swift */,
				324C841E206E395900C19329 /* NewWordCell.swift */,
				32A07362205BBFA500415A97 /* Main.storyboard */,
				32A07368205BBFA500415A97 /* Assets.xcassets */,
				32A0736A205BBFA500415A97 /* LaunchScreen.storyboard */,
				32A0736D205BBFA500415A97 /* Info.plist */,
				32A07365205BBFA500415A97 /* learnwords.xcdatamodeld */,
			);
			path = learnwords;
			sourceTree = "<group>";
		};
/* End PBXGroup section */

/* Begin PBXNativeTarget section */
		32A0735A205BBFA500415A97 /* learnwords */ = {
			isa = PBXNativeTarget;
			buildConfigurationList = 32A07370205BBFA500415A97 /* Build configuration list for PBXNativeTarget "learnwords" */;
			buildPhases = (
				32A07357205BBFA500415A97 /* Sources */,
				32A07358205BBFA500415A97 /* Frameworks */,
				32A07359205BBFA500415A97 /* Resources */,
			);
			buildRules = (
			);
			dependencies = (
			);
			name = learnwords;
			productName = learnwords;
			productReference = 32A0735B205BBFA500415A97 /* learnwords.app */;
			productType = "com.apple.product-type.application";
		};
/* End PBXNativeTarget section */

/* Begin PBXProject section */
		32A07353205BBFA500415A97 /* Project object */ = {
			isa = PBXProject;
			attributes = {
				LastSwiftUpdateCheck = 0910;
				LastUpgradeCheck = 0910;
				ORGANIZATIONNAME = kapala;
				TargetAttributes = {
					32A0735A205BBFA500415A97 = {
						CreatedOnToolsVersion = 9.1;
						ProvisioningStyle = Automatic;
					};
				};
			};
			buildConfigurationList = 32A07356205BBFA500415A97 /* Build configuration list for PBXProject "learnwords" */;
			compatibilityVersion = "Xcode 8.0";
			developmentRegion = en;
			hasScannedForEncodings = 0;
			knownRegions = (
				en,
				Base,
			);
			mainGroup = 32A07352205BBFA500415A97;
			productRefGroup = 32A0735C205BBFA500415A97 /* Products */;
			projectDirPath = "";
			projectRoot = "";
			targets = (
				32A0735A205BBFA500415A97 /* learnwords */,
			);
		};
/* End PBXProject section */

/* Begin PBXResourcesBuildPhase section */
		32A07359205BBFA500415A97 /* Resources */ = {
			isa = PBXResourcesBuildPhase;
			buildActionMask = 2147483647;
			files = (
				32A0736C205BBFA500415A97 /* LaunchScreen.storyboard in Resources */,
				32A07369205BBFA500415A97 /* Assets.xcassets in Resources */,
				32A07364205BBFA500415A97 /* Main.storyboard in Resources */,
			);
			runOnlyForDeploymentPostprocessing = 0;
		};
/* End PBXResourcesBuildPhase section */

/* Begin PBXSourcesBuildPhase section */
		32A07357205BBFA500415A97 /* Sources */ = {
			isa = PBXSourcesBuildPhase;
			buildActionMask = 2147483647;
			files = (
				32A07367205BBFA500415A97 /* learnwords.xcdatamodeld in Sources */,
				32A07361205BBFA500415A97 /* MainViewController.swift in Sources */,
				324C841B206E289C00C19329 /* NewWordViewController.swift in Sources */,
				32A0735F205BBFA500415A97 /* AppDelegate.swift in Sources */,
				324C841F206E395900C19329 /* NewWordCell.swift in Sources */,
				E2EC61F8206FCD2600317AA2 /* BaseViewController.swift in Sources */,
				E291CCA1206D701E001AD3B1 /* SettingsViewController.swift in Sources */,
				324C841D206E28F000C19329 /* BaseNavBarViewController.swift in Sources */,
			);
			runOnlyForDeploymentPostprocessing = 0;
		};
/* End PBXSourcesBuildPhase section */

/* Begin PBXVariantGroup section */
		32A07362205BBFA500415A97 /* Main.storyboard */ = {
			isa = PBXVariantGroup;
			children = (
				32A07363205BBFA500415A97 /* Base */,
			);
			name = Main.storyboard;
			sourceTree = "<group>";
		};
		32A0736A205BBFA500415A97 /* LaunchScreen.storyboard */ = {
			isa = PBXVariantGroup;
			children = (
				32A0736B205BBFA500415A97 /* Base */,
			);
			name = LaunchScreen.storyboard;
			sourceTree = "<group>";
		};
/* End PBXVariantGroup section */

/* Begin XCBuildConfiguration section */
		32A0736E205BBFA500415A97 /* Debug */ = {
			isa = XCBuildConfiguration;
			buildSettings = {
				ALWAYS_SEARCH_USER_PATHS = NO;
				CLANG_ANALYZER_NONNULL = YES;
				CLANG_ANALYZER_NUMBER_OBJECT_CONVERSION = YES_AGGRESSIVE;
				CLANG_CXX_LANGUAGE_STANDARD = "gnu++14";
				CLANG_CXX_LIBRARY = "libc++";
				CLANG_ENABLE_MODULES = YES;
				CLANG_ENABLE_OBJC_ARC = YES;
				CLANG_WARN_BLOCK_CAPTURE_AUTORELEASING = YES;
				CLANG_WARN_BOOL_CONVERSION = YES;
				CLANG_WARN_COMMA = YES;
				CLANG_WARN_CONSTANT_CONVERSION = YES;
				CLANG_WARN_DIRECT_OBJC_ISA_USAGE = YES_ERROR;
				CLANG_WARN_DOCUMENTATION_COMMENTS = YES;
				CLANG_WARN_EMPTY_BODY = YES;
				CLANG_WARN_ENUM_CONVERSION = YES;
				CLANG_WARN_INFINITE_RECURSION = YES;
				CLANG_WARN_INT_CONVERSION = YES;
				CLANG_WARN_NON_LITERAL_NULL_CONVERSION = YES;
				CLANG_WARN_OBJC_LITERAL_CONVERSION = YES;
				CLANG_WARN_OBJC_ROOT_CLASS = YES_ERROR;
				CLANG_WARN_RANGE_LOOP_ANALYSIS = YES;
				CLANG_WARN_STRICT_PROTOTYPES = YES;
				CLANG_WARN_SUSPICIOUS_MOVE = YES;
				CLANG_WARN_UNGUARDED_AVAILABILITY = YES_AGGRESSIVE;
				CLANG_WARN_UNREACHABLE_CODE = YES;
				CLANG_WARN__DUPLICATE_METHOD_MATCH = YES;
				CODE_SIGN_IDENTITY = "iPhone Developer";
				COPY_PHASE_STRIP = NO;
				DEBUG_INFORMATION_FORMAT = dwarf;
				ENABLE_STRICT_OBJC_MSGSEND = YES;
				ENABLE_TESTABILITY = YES;
				GCC_C_LANGUAGE_STANDARD = gnu11;
				GCC_DYNAMIC_NO_PIC = NO;
				GCC_NO_COMMON_BLOCKS = YES;
				GCC_OPTIMIZATION_LEVEL = 0;
				GCC_PREPROCESSOR_DEFINITIONS = (
					"DEBUG=1",
					"$(inherited)",
				);
				GCC_WARN_64_TO_32_BIT_CONVERSION = YES;
				GCC_WARN_ABOUT_RETURN_TYPE = YES_ERROR;
				GCC_WARN_UNDECLARED_SELECTOR = YES;
				GCC_WARN_UNINITIALIZED_AUTOS = YES_AGGRESSIVE;
				GCC_WARN_UNUSED_FUNCTION = YES;
				GCC_WARN_UNUSED_VARIABLE = YES;
				IPHONEOS_DEPLOYMENT_TARGET = 11.1;
				MTL_ENABLE_DEBUG_INFO = YES;
				ONLY_ACTIVE_ARCH = YES;
				SDKROOT = iphoneos;
				SWIFT_ACTIVE_COMPILATION_CONDITIONS = DEBUG;
				SWIFT_OPTIMIZATION_LEVEL = "-Onone";
			};
			name = Debug;
		};
		32A0736F205BBFA500415A97 /* Release */ = {
			isa = XCBuildConfiguration;
			buildSettings = {
				ALWAYS_SEARCH_USER_PATHS = NO;
				CLANG_ANALYZER_NONNULL = YES;
				CLANG_ANALYZER_NUMBER_OBJECT_CONVERSION = YES_AGGRESSIVE;
				CLANG_CXX_LANGUAGE_STANDARD = "gnu++14";
				CLANG_CXX_LIBRARY = "libc++";
				CLANG_ENABLE_MODULES = YES;
				CLANG_ENABLE_OBJC_ARC = YES;
				CLANG_WARN_BLOCK_CAPTURE_AUTORELEASING = YES;
				CLANG_WARN_BOOL_CONVERSION = YES;
				CLANG_WARN_COMMA = YES;
				CLANG_WARN_CONSTANT_CONVERSION = YES;
				CLANG_WARN_DIRECT_OBJC_ISA_USAGE = YES_ERROR;
				CLANG_WARN_DOCUMENTATION_COMMENTS = YES;
				CLANG_WARN_EMPTY_BODY = YES;
				CLANG_WARN_ENUM_CONVERSION = YES;
				CLANG_WARN_INFINITE_RECURSION = YES;
				CLANG_WARN_INT_CONVERSION = YES;
				CLANG_WARN_NON_LITERAL_NULL_CONVERSION = YES;
				CLANG_WARN_OBJC_LITERAL_CONVERSION = YES;
				CLANG_WARN_OBJC_ROOT_CLASS = YES_ERROR;
				CLANG_WARN_RANGE_LOOP_ANALYSIS = YES;
				CLANG_WARN_STRICT_PROTOTYPES = YES;
				CLANG_WARN_SUSPICIOUS_MOVE = YES;
				CLANG_WARN_UNGUARDED_AVAILABILITY = YES_AGGRESSIVE;
				CLANG_WARN_UNREACHABLE_CODE = YES;
				CLANG_WARN__DUPLICATE_METHOD_MATCH = YES;
				CODE_SIGN_IDENTITY = "iPhone Developer";
				COPY_PHASE_STRIP = NO;
				DEBUG_INFORMATION_FORMAT = "dwarf-with-dsym";
				ENABLE_NS_ASSERTIONS = NO;
				ENABLE_STRICT_OBJC_MSGSEND = YES;
				GCC_C_LANGUAGE_STANDARD = gnu11;
				GCC_NO_COMMON_BLOCKS = YES;
				GCC_WARN_64_TO_32_BIT_CONVERSION = YES;
				GCC_WARN_ABOUT_RETURN_TYPE = YES_ERROR;
				GCC_WARN_UNDECLARED_SELECTOR = YES;
				GCC_WARN_UNINITIALIZED_AUTOS = YES_AGGRESSIVE;
				GCC_WARN_UNUSED_FUNCTION = YES;
				GCC_WARN_UNUSED_VARIABLE = YES;
				IPHONEOS_DEPLOYMENT_TARGET = 11.1;
				MTL_ENABLE_DEBUG_INFO = NO;
				SDKROOT = iphoneos;
				SWIFT_OPTIMIZATION_LEVEL = "-Owholemodule";
				VALIDATE_PRODUCT = YES;
			};
			name = Release;
		};
		32A07371205BBFA500415A97 /* Debug */ = {
			isa = XCBuildConfiguration;
			buildSettings = {
				ASSETCATALOG_COMPILER_APPICON_NAME = AppIcon;
				CODE_SIGN_STYLE = Automatic;
				DEVELOPMENT_TEAM = W2457BUSA4;
				INFOPLIST_FILE = learnwords/Info.plist;
				LD_RUNPATH_SEARCH_PATHS = "$(inherited) @executable_path/Frameworks";
				PRODUCT_BUNDLE_IDENTIFIER = com.kapala.learnwords;
				PRODUCT_NAME = "$(TARGET_NAME)";
				SWIFT_VERSION = 4.0;
				TARGETED_DEVICE_FAMILY = "1,2";
			};
			name = Debug;
		};
		32A07372205BBFA500415A97 /* Release */ = {
			isa = XCBuildConfiguration;
			buildSettings = {
				ASSETCATALOG_COMPILER_APPICON_NAME = AppIcon;
				CODE_SIGN_STYLE = Automatic;
				DEVELOPMENT_TEAM = W2457BUSA4;
				INFOPLIST_FILE = learnwords/Info.plist;
				LD_RUNPATH_SEARCH_PATHS = "$(inherited) @executable_path/Frameworks";
				PRODUCT_BUNDLE_IDENTIFIER = com.kapala.learnwords;
				PRODUCT_NAME = "$(TARGET_NAME)";
				SWIFT_VERSION = 4.0;
				TARGETED_DEVICE_FAMILY = "1,2";
			};
			name = Release;
		};
/* End XCBuildConfiguration section */

/* Begin XCConfigurationList section */
		32A07356205BBFA500415A97 /* Build configuration list for PBXProject "learnwords" */ = {
			isa = XCConfigurationList;
			buildConfigurations = (
				32A0736E205BBFA500415A97 /* Debug */,
				32A0736F205BBFA500415A97 /* Release */,
			);
			defaultConfigurationIsVisible = 0;
			defaultConfigurationName = Release;
		};
		32A07370205BBFA500415A97 /* Build configuration list for PBXNativeTarget "learnwords" */ = {
			isa = XCConfigurationList;
			buildConfigurations = (
				32A07371205BBFA500415A97 /* Debug */,
				32A07372205BBFA500415A97 /* Release */,
			);
			defaultConfigurationIsVisible = 0;
			defaultConfigurationName = Release;
		};
/* End XCConfigurationList section */

/* Begin XCVersionGroup section */
		32A07365205BBFA500415A97 /* learnwords.xcdatamodeld */ = {
			isa = XCVersionGroup;
			children = (
				32A07366205BBFA500415A97 /* learnwords.xcdatamodel */,
			);
			currentVersion = 32A07366205BBFA500415A97 /* learnwords.xcdatamodel */;
			path = learnwords.xcdatamodeld;
			sourceTree = "<group>";
			versionGroupType = wrapper.xcdatamodel;
		};
/* End XCVersionGroup section */
	};
	rootObject = 32A07353205BBFA500415A97 /* Project object */;
}
